
Microsoft Visual Studio Solution File, Format Version 12.00
# Visual Studio 2012
Project("{8BC9CEB8-8B4A-11D0-8D11-00A0C91BC942}") = "getopt", "getopt\getopt.vcxproj", "{1C06E1E0-3FF7-4DAF-A9BA-7C8E2FA11B03}"
EndProject
Project("{8BC9CEB8-8B4A-11D0-8D11-00A0C91BC942}") = "libcnary", "libcnary\libcnary.vcxproj", "{69CDCB06-C62E-45F6-9E2B-4313C228F957}"
EndProject
Project("{8BC9CEB8-8B4A-11D0-8D11-00A0C91BC942}") = "libgen", "libgen\libgen.vcxproj", "{3E2B717A-7A6F-4FF5-9025-738968045272}"
EndProject
Project("{8BC9CEB8-8B4A-11D0-8D11-00A0C91BC942}") = "libplist", "libplist\libplist.vcxproj", "{C2FC6AFF-553B-4B8F-8158-93D8D50A8C02}"
EndProject
Project("{8BC9CEB8-8B4A-11D0-8D11-00A0C91BC942}") = "libusbmuxd", "libusbmuxd\libusbmuxd.vcxproj", "{53034340-F651-4ACB-8FEF-FFE0FF7AA013}"
	ProjectSection(ProjectDependencies) = postProject
		{1C06E1E0-3FF7-4DAF-A9BA-7C8E2FA11B03} = {1C06E1E0-3FF7-4DAF-A9BA-7C8E2FA11B03}
	EndProjectSection
EndProject
Project("{8BC9CEB8-8B4A-11D0-8D11-00A0C91BC942}") = "libimobiledevice", "libimobiledevice\libimobiledevice.vcxproj", "{6F26C69D-46EE-40AE-92E3-CD205B2C18E0}"
	ProjectSection(ProjectDependencies) = postProject
		{53034340-F651-4ACB-8FEF-FFE0FF7AA013} = {53034340-F651-4ACB-8FEF-FFE0FF7AA013}
		{3E2B717A-7A6F-4FF5-9025-738968045272} = {3E2B717A-7A6F-4FF5-9025-738968045272}
		{1C06E1E0-3FF7-4DAF-A9BA-7C8E2FA11B03} = {1C06E1E0-3FF7-4DAF-A9BA-7C8E2FA11B03}
		{C2FC6AFF-553B-4B8F-8158-93D8D50A8C02} = {C2FC6AFF-553B-4B8F-8158-93D8D50A8C02}
	EndProjectSection
EndProject
Project("{2150E333-8FDC-42A3-9474-1A3956D46DE8}") = "libimobiledevice-tools", "libimobiledevice-tools", "{054378B1-3FE2-4586-A94C-11424D95C913}"
EndProject
Project("{8BC9CEB8-8B4A-11D0-8D11-00A0C91BC942}") = "idevice_id", "libimobiledevice-tools\idevice_id\idevice_id.vcxproj", "{03771672-451C-4DF8-B6BE-290B0B8D2D51}"
	ProjectSection(ProjectDependencies) = postProject
		{6F26C69D-46EE-40AE-92E3-CD205B2C18E0} = {6F26C69D-46EE-40AE-92E3-CD205B2C18E0}
	EndProjectSection
EndProject
Project("{8BC9CEB8-8B4A-11D0-8D11-00A0C91BC942}") = "libcompat", "libcompat\libcompat.vcxproj", "{AA5715E5-75AA-4CCC-A3D7-819FC833603C}"
EndProject
Project("{8BC9CEB8-8B4A-11D0-8D11-00A0C91BC942}") = "ideviceinfo", "libimobiledevice-tools\ideviceinfo\ideviceinfo.vcxproj", "{3EBC40B2-C7DE-4C9B-9E38-97F79DD3A1D7}"
	ProjectSection(ProjectDependencies) = postProject
		{6F26C69D-46EE-40AE-92E3-CD205B2C18E0} = {6F26C69D-46EE-40AE-92E3-CD205B2C18E0}
	EndProjectSection
EndProject
Project("{8BC9CEB8-8B4A-11D0-8D11-00A0C91BC942}") = "idevicescreenshot", "libimobiledevice-tools\idevicescreenshot\idevicescreenshot.vcxproj", "{C8530E36-B249-4F97-938D-AC016AAB9CC1}"
	ProjectSection(ProjectDependencies) = postProject
		{6F26C69D-46EE-40AE-92E3-CD205B2C18E0} = {6F26C69D-46EE-40AE-92E3-CD205B2C18E0}
	EndProjectSection
EndProject
Project("{8BC9CEB8-8B4A-11D0-8D11-00A0C91BC942}") = "idevicedebugserverproxy", "libimobiledevice-tools\idevicedebugserverproxy\idevicedebugserverproxy.vcxproj", "{2887D32D-EC08-48BF-B7B6-0A704A41E909}"
	ProjectSection(ProjectDependencies) = postProject
		{6868442D-4090-4022-8BD0-49446B1C249F} = {6868442D-4090-4022-8BD0-49446B1C249F}
		{53034340-F651-4ACB-8FEF-FFE0FF7AA013} = {53034340-F651-4ACB-8FEF-FFE0FF7AA013}
		{6F26C69D-46EE-40AE-92E3-CD205B2C18E0} = {6F26C69D-46EE-40AE-92E3-CD205B2C18E0}
		{D945F0CD-6C29-47DC-8687-18A06CF7502E} = {D945F0CD-6C29-47DC-8687-18A06CF7502E}
	EndProjectSection
EndProject
Project("{8BC9CEB8-8B4A-11D0-8D11-00A0C91BC942}") = "socket", "vendors\socket\socket.vcxproj", "{6868442D-4090-4022-8BD0-49446B1C249F}"
EndProject
Project("{8BC9CEB8-8B4A-11D0-8D11-00A0C91BC942}") = "thread", "vendors\thread\thread.vcxproj", "{D945F0CD-6C29-47DC-8687-18A06CF7502E}"
EndProject
Project("{8BC9CEB8-8B4A-11D0-8D11-00A0C91BC942}") = "ideviceprovision", "libimobiledevice-tools\ideviceprovision\ideviceprovision.vcxproj", "{9B9B4259-64CB-4EEF-BEDE-EE23435A6B68}"
	ProjectSection(ProjectDependencies) = postProject
		{6F26C69D-46EE-40AE-92E3-CD205B2C18E0} = {6F26C69D-46EE-40AE-92E3-CD205B2C18E0}
	EndProjectSection
EndProject
Project("{8BC9CEB8-8B4A-11D0-8D11-00A0C91BC942}") = "idevice-app-runner", "libimobiledevice-tools\idevice-app-runner\idevice-app-runner.vcxproj", "{6368BADB-C660-4B6A-B986-541EF3C0B9B1}"
	ProjectSection(ProjectDependencies) = postProject
		{53034340-F651-4ACB-8FEF-FFE0FF7AA013} = {53034340-F651-4ACB-8FEF-FFE0FF7AA013}
		{6F26C69D-46EE-40AE-92E3-CD205B2C18E0} = {6F26C69D-46EE-40AE-92E3-CD205B2C18E0}
	EndProjectSection
EndProject
Project("{8BC9CEB8-8B4A-11D0-8D11-00A0C91BC942}") = "ideviceinstaller", "libimobiledevice-tools\ideviceinstaller\ideviceinstaller.vcxproj", "{00AB62FF-DC93-4B81-B4FE-E3229DC44D91}"
	ProjectSection(ProjectDependencies) = postProject
		{53034340-F651-4ACB-8FEF-FFE0FF7AA013} = {53034340-F651-4ACB-8FEF-FFE0FF7AA013}
		{6F26C69D-46EE-40AE-92E3-CD205B2C18E0} = {6F26C69D-46EE-40AE-92E3-CD205B2C18E0}
		{C2FC6AFF-553B-4B8F-8158-93D8D50A8C02} = {C2FC6AFF-553B-4B8F-8158-93D8D50A8C02}
	EndProjectSection
EndProject
Project("{8BC9CEB8-8B4A-11D0-8D11-00A0C91BC942}") = "libzip", "libzip\libzip.vcxproj", "{CA9DE663-102C-4953-B09E-BCFFEC17D7E4}"
EndProject
Project("{8BC9CEB8-8B4A-11D0-8D11-00A0C91BC942}") = "ideviceimagemounter", "libimobiledevice-tools\ideviceimagemounter\ideviceimagemounter.vcxproj", "{4AF01887-F20F-4E90-B5DE-48168D60E6BC}"
	ProjectSection(ProjectDependencies) = postProject
		{53034340-F651-4ACB-8FEF-FFE0FF7AA013} = {53034340-F651-4ACB-8FEF-FFE0FF7AA013}
		{6F26C69D-46EE-40AE-92E3-CD205B2C18E0} = {6F26C69D-46EE-40AE-92E3-CD205B2C18E0}
	EndProjectSection
EndProject
Project("{8BC9CEB8-8B4A-11D0-8D11-00A0C91BC942}") = "idevice-debug-client", "libimobiledevice-tools\idevice-debug-client\idevice-debug-client.vcxproj", "{80E14F4A-9707-4B30-9D63-306756A2E05C}"
EndProject
Project("{8BC9CEB8-8B4A-11D0-8D11-00A0C91BC942}") = "idevicebackup", "libimobiledevice-tools\idevicebackup\idevicebackup.vcxproj", "{F3837EA2-E283-4D52-8955-0BD75A8F6CFB}"
	ProjectSection(ProjectDependencies) = postProject
		{69CDCB06-C62E-45F6-9E2B-4313C228F957} = {69CDCB06-C62E-45F6-9E2B-4313C228F957}
		{6F26C69D-46EE-40AE-92E3-CD205B2C18E0} = {6F26C69D-46EE-40AE-92E3-CD205B2C18E0}
		{AA5715E5-75AA-4CCC-A3D7-819FC833603C} = {AA5715E5-75AA-4CCC-A3D7-819FC833603C}
	EndProjectSection
EndProject
Project("{8BC9CEB8-8B4A-11D0-8D11-00A0C91BC942}") = "idevicebackup2", "libimobiledevice-tools\idevicebackup2\idevicebackup2.vcxproj", "{98E67352-7104-464C-8774-149B704660A1}"
	ProjectSection(ProjectDependencies) = postProject
		{1704EA01-6B21-4362-9F1F-44D25CF2E0D7} = {1704EA01-6B21-4362-9F1F-44D25CF2E0D7}
		{69CDCB06-C62E-45F6-9E2B-4313C228F957} = {69CDCB06-C62E-45F6-9E2B-4313C228F957}
		{6868442D-4090-4022-8BD0-49446B1C249F} = {6868442D-4090-4022-8BD0-49446B1C249F}
		{53034340-F651-4ACB-8FEF-FFE0FF7AA013} = {53034340-F651-4ACB-8FEF-FFE0FF7AA013}
		{CA9DE663-102C-4953-B09E-BCFFEC17D7E4} = {CA9DE663-102C-4953-B09E-BCFFEC17D7E4}
		{3E2B717A-7A6F-4FF5-9025-738968045272} = {3E2B717A-7A6F-4FF5-9025-738968045272}
		{6F26C69D-46EE-40AE-92E3-CD205B2C18E0} = {6F26C69D-46EE-40AE-92E3-CD205B2C18E0}
		{D945F0CD-6C29-47DC-8687-18A06CF7502E} = {D945F0CD-6C29-47DC-8687-18A06CF7502E}
		{AA5715E5-75AA-4CCC-A3D7-819FC833603C} = {AA5715E5-75AA-4CCC-A3D7-819FC833603C}
		{C2FC6AFF-553B-4B8F-8158-93D8D50A8C02} = {C2FC6AFF-553B-4B8F-8158-93D8D50A8C02}
	EndProjectSection
EndProject
Project("{FAE04EC0-301F-11D3-BF4B-00C04F79EFBC}") = "iMobileDeviceTester", "iMobileDeviceTester\iMobileDeviceTester.csproj", "{2866285B-3183-4B35-884B-ACBDD698C504}"
EndProject
Project("{8BC9CEB8-8B4A-11D0-8D11-00A0C91BC942}") = "libiconv", "libiconv-1.14\libiconv\libiconv.vcxproj", "{1704EA01-6B21-4362-9F1F-44D25CF2E0D7}"
EndProject
Global
	GlobalSection(SolutionConfigurationPlatforms) = preSolution
		Debug|Any CPU = Debug|Any CPU
		Debug|Mixed Platforms = Debug|Mixed Platforms
		Debug|Win32 = Debug|Win32
		Debug|x64 = Debug|x64
		Debug|x86 = Debug|x86
		DebugStatic|Any CPU = DebugStatic|Any CPU
		DebugStatic|Mixed Platforms = DebugStatic|Mixed Platforms
		DebugStatic|Win32 = DebugStatic|Win32
		DebugStatic|x64 = DebugStatic|x64
		DebugStatic|x86 = DebugStatic|x86
		Release|Any CPU = Release|Any CPU
		Release|Mixed Platforms = Release|Mixed Platforms
		Release|Win32 = Release|Win32
		Release|x64 = Release|x64
		Release|x86 = Release|x86
		ReleaseStatic|Any CPU = ReleaseStatic|Any CPU
		ReleaseStatic|Mixed Platforms = ReleaseStatic|Mixed Platforms
		ReleaseStatic|Win32 = ReleaseStatic|Win32
		ReleaseStatic|x64 = ReleaseStatic|x64
		ReleaseStatic|x86 = ReleaseStatic|x86
	EndGlobalSection
	GlobalSection(ProjectConfigurationPlatforms) = postSolution
		{1C06E1E0-3FF7-4DAF-A9BA-7C8E2FA11B03}.Debug|Any CPU.ActiveCfg = Debug|Win32
		{1C06E1E0-3FF7-4DAF-A9BA-7C8E2FA11B03}.Debug|Mixed Platforms.ActiveCfg = Debug|Win32
		{1C06E1E0-3FF7-4DAF-A9BA-7C8E2FA11B03}.Debug|Mixed Platforms.Build.0 = Debug|Win32
		{1C06E1E0-3FF7-4DAF-A9BA-7C8E2FA11B03}.Debug|Win32.ActiveCfg = Debug|Win32
		{1C06E1E0-3FF7-4DAF-A9BA-7C8E2FA11B03}.Debug|Win32.Build.0 = Debug|Win32
		{1C06E1E0-3FF7-4DAF-A9BA-7C8E2FA11B03}.Debug|x64.ActiveCfg = Debug|Win32
		{1C06E1E0-3FF7-4DAF-A9BA-7C8E2FA11B03}.Debug|x86.ActiveCfg = Debug|Win32
		{1C06E1E0-3FF7-4DAF-A9BA-7C8E2FA11B03}.Debug|x86.Build.0 = Debug|Win32
		{1C06E1E0-3FF7-4DAF-A9BA-7C8E2FA11B03}.DebugStatic|Any CPU.ActiveCfg = Debug|Win32
		{1C06E1E0-3FF7-4DAF-A9BA-7C8E2FA11B03}.DebugStatic|Mixed Platforms.ActiveCfg = Debug|Win32
		{1C06E1E0-3FF7-4DAF-A9BA-7C8E2FA11B03}.DebugStatic|Mixed Platforms.Build.0 = Debug|Win32
		{1C06E1E0-3FF7-4DAF-A9BA-7C8E2FA11B03}.DebugStatic|Win32.ActiveCfg = Debug|Win32
		{1C06E1E0-3FF7-4DAF-A9BA-7C8E2FA11B03}.DebugStatic|Win32.Build.0 = Debug|Win32
		{1C06E1E0-3FF7-4DAF-A9BA-7C8E2FA11B03}.DebugStatic|x64.ActiveCfg = Debug|Win32
		{1C06E1E0-3FF7-4DAF-A9BA-7C8E2FA11B03}.DebugStatic|x86.ActiveCfg = Debug|Win32
		{1C06E1E0-3FF7-4DAF-A9BA-7C8E2FA11B03}.DebugStatic|x86.Build.0 = Debug|Win32
		{1C06E1E0-3FF7-4DAF-A9BA-7C8E2FA11B03}.Release|Any CPU.ActiveCfg = Release|Win32
		{1C06E1E0-3FF7-4DAF-A9BA-7C8E2FA11B03}.Release|Mixed Platforms.ActiveCfg = Release|Win32
		{1C06E1E0-3FF7-4DAF-A9BA-7C8E2FA11B03}.Release|Mixed Platforms.Build.0 = Release|Win32
		{1C06E1E0-3FF7-4DAF-A9BA-7C8E2FA11B03}.Release|Win32.ActiveCfg = Release|Win32
		{1C06E1E0-3FF7-4DAF-A9BA-7C8E2FA11B03}.Release|Win32.Build.0 = Release|Win32
		{1C06E1E0-3FF7-4DAF-A9BA-7C8E2FA11B03}.Release|x64.ActiveCfg = Release|Win32
		{1C06E1E0-3FF7-4DAF-A9BA-7C8E2FA11B03}.Release|x86.ActiveCfg = Release|Win32
		{1C06E1E0-3FF7-4DAF-A9BA-7C8E2FA11B03}.Release|x86.Build.0 = Release|Win32
		{1C06E1E0-3FF7-4DAF-A9BA-7C8E2FA11B03}.ReleaseStatic|Any CPU.ActiveCfg = Release|Win32
		{1C06E1E0-3FF7-4DAF-A9BA-7C8E2FA11B03}.ReleaseStatic|Mixed Platforms.ActiveCfg = Release|Win32
		{1C06E1E0-3FF7-4DAF-A9BA-7C8E2FA11B03}.ReleaseStatic|Mixed Platforms.Build.0 = Release|Win32
		{1C06E1E0-3FF7-4DAF-A9BA-7C8E2FA11B03}.ReleaseStatic|Win32.ActiveCfg = Release|Win32
		{1C06E1E0-3FF7-4DAF-A9BA-7C8E2FA11B03}.ReleaseStatic|Win32.Build.0 = Release|Win32
		{1C06E1E0-3FF7-4DAF-A9BA-7C8E2FA11B03}.ReleaseStatic|x64.ActiveCfg = Release|Win32
		{1C06E1E0-3FF7-4DAF-A9BA-7C8E2FA11B03}.ReleaseStatic|x86.ActiveCfg = Release|Win32
		{1C06E1E0-3FF7-4DAF-A9BA-7C8E2FA11B03}.ReleaseStatic|x86.Build.0 = Release|Win32
		{69CDCB06-C62E-45F6-9E2B-4313C228F957}.Debug|Any CPU.ActiveCfg = Debug|Win32
		{69CDCB06-C62E-45F6-9E2B-4313C228F957}.Debug|Mixed Platforms.ActiveCfg = Debug|Win32
		{69CDCB06-C62E-45F6-9E2B-4313C228F957}.Debug|Mixed Platforms.Build.0 = Debug|Win32
		{69CDCB06-C62E-45F6-9E2B-4313C228F957}.Debug|Win32.ActiveCfg = Debug|Win32
		{69CDCB06-C62E-45F6-9E2B-4313C228F957}.Debug|Win32.Build.0 = Debug|Win32
		{69CDCB06-C62E-45F6-9E2B-4313C228F957}.Debug|x64.ActiveCfg = Debug|Win32
		{69CDCB06-C62E-45F6-9E2B-4313C228F957}.Debug|x86.ActiveCfg = Debug|Win32
		{69CDCB06-C62E-45F6-9E2B-4313C228F957}.Debug|x86.Build.0 = Debug|Win32
		{69CDCB06-C62E-45F6-9E2B-4313C228F957}.DebugStatic|Any CPU.ActiveCfg = Debug|Win32
		{69CDCB06-C62E-45F6-9E2B-4313C228F957}.DebugStatic|Mixed Platforms.ActiveCfg = Debug|Win32
		{69CDCB06-C62E-45F6-9E2B-4313C228F957}.DebugStatic|Mixed Platforms.Build.0 = Debug|Win32
		{69CDCB06-C62E-45F6-9E2B-4313C228F957}.DebugStatic|Win32.ActiveCfg = Debug|Win32
		{69CDCB06-C62E-45F6-9E2B-4313C228F957}.DebugStatic|Win32.Build.0 = Debug|Win32
		{69CDCB06-C62E-45F6-9E2B-4313C228F957}.DebugStatic|x64.ActiveCfg = Debug|Win32
		{69CDCB06-C62E-45F6-9E2B-4313C228F957}.DebugStatic|x86.ActiveCfg = Debug|Win32
		{69CDCB06-C62E-45F6-9E2B-4313C228F957}.DebugStatic|x86.Build.0 = Debug|Win32
		{69CDCB06-C62E-45F6-9E2B-4313C228F957}.Release|Any CPU.ActiveCfg = Release|Win32
		{69CDCB06-C62E-45F6-9E2B-4313C228F957}.Release|Mixed Platforms.ActiveCfg = Release|Win32
		{69CDCB06-C62E-45F6-9E2B-4313C228F957}.Release|Mixed Platforms.Build.0 = Release|Win32
		{69CDCB06-C62E-45F6-9E2B-4313C228F957}.Release|Win32.ActiveCfg = Release|Win32
		{69CDCB06-C62E-45F6-9E2B-4313C228F957}.Release|Win32.Build.0 = Release|Win32
		{69CDCB06-C62E-45F6-9E2B-4313C228F957}.Release|x64.ActiveCfg = Release|Win32
		{69CDCB06-C62E-45F6-9E2B-4313C228F957}.Release|x86.ActiveCfg = Release|Win32
		{69CDCB06-C62E-45F6-9E2B-4313C228F957}.Release|x86.Build.0 = Release|Win32
		{69CDCB06-C62E-45F6-9E2B-4313C228F957}.ReleaseStatic|Any CPU.ActiveCfg = Release|Win32
		{69CDCB06-C62E-45F6-9E2B-4313C228F957}.ReleaseStatic|Mixed Platforms.ActiveCfg = Release|Win32
		{69CDCB06-C62E-45F6-9E2B-4313C228F957}.ReleaseStatic|Mixed Platforms.Build.0 = Release|Win32
		{69CDCB06-C62E-45F6-9E2B-4313C228F957}.ReleaseStatic|Win32.ActiveCfg = Release|Win32
		{69CDCB06-C62E-45F6-9E2B-4313C228F957}.ReleaseStatic|Win32.Build.0 = Release|Win32
		{69CDCB06-C62E-45F6-9E2B-4313C228F957}.ReleaseStatic|x64.ActiveCfg = Release|Win32
		{69CDCB06-C62E-45F6-9E2B-4313C228F957}.ReleaseStatic|x86.ActiveCfg = Release|Win32
		{69CDCB06-C62E-45F6-9E2B-4313C228F957}.ReleaseStatic|x86.Build.0 = Release|Win32
		{3E2B717A-7A6F-4FF5-9025-738968045272}.Debug|Any CPU.ActiveCfg = Debug|Win32
		{3E2B717A-7A6F-4FF5-9025-738968045272}.Debug|Mixed Platforms.ActiveCfg = Debug|Win32
		{3E2B717A-7A6F-4FF5-9025-738968045272}.Debug|Mixed Platforms.Build.0 = Debug|Win32
		{3E2B717A-7A6F-4FF5-9025-738968045272}.Debug|Win32.ActiveCfg = Debug|Win32
		{3E2B717A-7A6F-4FF5-9025-738968045272}.Debug|Win32.Build.0 = Debug|Win32
		{3E2B717A-7A6F-4FF5-9025-738968045272}.Debug|x64.ActiveCfg = Debug|Win32
		{3E2B717A-7A6F-4FF5-9025-738968045272}.Debug|x86.ActiveCfg = Debug|Win32
		{3E2B717A-7A6F-4FF5-9025-738968045272}.Debug|x86.Build.0 = Debug|Win32
		{3E2B717A-7A6F-4FF5-9025-738968045272}.DebugStatic|Any CPU.ActiveCfg = Debug|Win32
		{3E2B717A-7A6F-4FF5-9025-738968045272}.DebugStatic|Mixed Platforms.ActiveCfg = Debug|Win32
		{3E2B717A-7A6F-4FF5-9025-738968045272}.DebugStatic|Mixed Platforms.Build.0 = Debug|Win32
		{3E2B717A-7A6F-4FF5-9025-738968045272}.DebugStatic|Win32.ActiveCfg = Debug|Win32
		{3E2B717A-7A6F-4FF5-9025-738968045272}.DebugStatic|Win32.Build.0 = Debug|Win32
		{3E2B717A-7A6F-4FF5-9025-738968045272}.DebugStatic|x64.ActiveCfg = Debug|Win32
		{3E2B717A-7A6F-4FF5-9025-738968045272}.DebugStatic|x86.ActiveCfg = Debug|Win32
		{3E2B717A-7A6F-4FF5-9025-738968045272}.DebugStatic|x86.Build.0 = Debug|Win32
		{3E2B717A-7A6F-4FF5-9025-738968045272}.Release|Any CPU.ActiveCfg = Release|Win32
		{3E2B717A-7A6F-4FF5-9025-738968045272}.Release|Mixed Platforms.ActiveCfg = Release|Win32
		{3E2B717A-7A6F-4FF5-9025-738968045272}.Release|Mixed Platforms.Build.0 = Release|Win32
		{3E2B717A-7A6F-4FF5-9025-738968045272}.Release|Win32.ActiveCfg = Release|Win32
		{3E2B717A-7A6F-4FF5-9025-738968045272}.Release|Win32.Build.0 = Release|Win32
		{3E2B717A-7A6F-4FF5-9025-738968045272}.Release|x64.ActiveCfg = Release|Win32
		{3E2B717A-7A6F-4FF5-9025-738968045272}.Release|x86.ActiveCfg = Release|Win32
		{3E2B717A-7A6F-4FF5-9025-738968045272}.Release|x86.Build.0 = Release|Win32
		{3E2B717A-7A6F-4FF5-9025-738968045272}.ReleaseStatic|Any CPU.ActiveCfg = Release|Win32
		{3E2B717A-7A6F-4FF5-9025-738968045272}.ReleaseStatic|Mixed Platforms.ActiveCfg = Release|Win32
		{3E2B717A-7A6F-4FF5-9025-738968045272}.ReleaseStatic|Mixed Platforms.Build.0 = Release|Win32
		{3E2B717A-7A6F-4FF5-9025-738968045272}.ReleaseStatic|Win32.ActiveCfg = Release|Win32
		{3E2B717A-7A6F-4FF5-9025-738968045272}.ReleaseStatic|Win32.Build.0 = Release|Win32
		{3E2B717A-7A6F-4FF5-9025-738968045272}.ReleaseStatic|x64.ActiveCfg = Release|Win32
		{3E2B717A-7A6F-4FF5-9025-738968045272}.ReleaseStatic|x86.ActiveCfg = Release|Win32
		{3E2B717A-7A6F-4FF5-9025-738968045272}.ReleaseStatic|x86.Build.0 = Release|Win32
		{C2FC6AFF-553B-4B8F-8158-93D8D50A8C02}.Debug|Any CPU.ActiveCfg = Debug|Win32
		{C2FC6AFF-553B-4B8F-8158-93D8D50A8C02}.Debug|Mixed Platforms.ActiveCfg = Debug|Win32
		{C2FC6AFF-553B-4B8F-8158-93D8D50A8C02}.Debug|Mixed Platforms.Build.0 = Debug|Win32
		{C2FC6AFF-553B-4B8F-8158-93D8D50A8C02}.Debug|Win32.ActiveCfg = Debug|Win32
		{C2FC6AFF-553B-4B8F-8158-93D8D50A8C02}.Debug|Win32.Build.0 = Debug|Win32
		{C2FC6AFF-553B-4B8F-8158-93D8D50A8C02}.Debug|x64.ActiveCfg = Debug|Win32
		{C2FC6AFF-553B-4B8F-8158-93D8D50A8C02}.Debug|x86.ActiveCfg = Debug|Win32
		{C2FC6AFF-553B-4B8F-8158-93D8D50A8C02}.Debug|x86.Build.0 = Debug|Win32
		{C2FC6AFF-553B-4B8F-8158-93D8D50A8C02}.DebugStatic|Any CPU.ActiveCfg = Debug|Win32
		{C2FC6AFF-553B-4B8F-8158-93D8D50A8C02}.DebugStatic|Mixed Platforms.ActiveCfg = Debug|Win32
		{C2FC6AFF-553B-4B8F-8158-93D8D50A8C02}.DebugStatic|Mixed Platforms.Build.0 = Debug|Win32
		{C2FC6AFF-553B-4B8F-8158-93D8D50A8C02}.DebugStatic|Win32.ActiveCfg = Debug|Win32
		{C2FC6AFF-553B-4B8F-8158-93D8D50A8C02}.DebugStatic|Win32.Build.0 = Debug|Win32
		{C2FC6AFF-553B-4B8F-8158-93D8D50A8C02}.DebugStatic|x64.ActiveCfg = Debug|Win32
		{C2FC6AFF-553B-4B8F-8158-93D8D50A8C02}.DebugStatic|x86.ActiveCfg = Debug|Win32
		{C2FC6AFF-553B-4B8F-8158-93D8D50A8C02}.DebugStatic|x86.Build.0 = Debug|Win32
		{C2FC6AFF-553B-4B8F-8158-93D8D50A8C02}.Release|Any CPU.ActiveCfg = Release|Win32
		{C2FC6AFF-553B-4B8F-8158-93D8D50A8C02}.Release|Mixed Platforms.ActiveCfg = Release|Win32
		{C2FC6AFF-553B-4B8F-8158-93D8D50A8C02}.Release|Mixed Platforms.Build.0 = Release|Win32
		{C2FC6AFF-553B-4B8F-8158-93D8D50A8C02}.Release|Win32.ActiveCfg = Release|Win32
		{C2FC6AFF-553B-4B8F-8158-93D8D50A8C02}.Release|Win32.Build.0 = Release|Win32
		{C2FC6AFF-553B-4B8F-8158-93D8D50A8C02}.Release|x64.ActiveCfg = Release|Win32
		{C2FC6AFF-553B-4B8F-8158-93D8D50A8C02}.Release|x86.ActiveCfg = Release|Win32
		{C2FC6AFF-553B-4B8F-8158-93D8D50A8C02}.Release|x86.Build.0 = Release|Win32
		{C2FC6AFF-553B-4B8F-8158-93D8D50A8C02}.ReleaseStatic|Any CPU.ActiveCfg = Release|Win32
		{C2FC6AFF-553B-4B8F-8158-93D8D50A8C02}.ReleaseStatic|Mixed Platforms.ActiveCfg = Release|Win32
		{C2FC6AFF-553B-4B8F-8158-93D8D50A8C02}.ReleaseStatic|Mixed Platforms.Build.0 = Release|Win32
		{C2FC6AFF-553B-4B8F-8158-93D8D50A8C02}.ReleaseStatic|Win32.ActiveCfg = Release|Win32
		{C2FC6AFF-553B-4B8F-8158-93D8D50A8C02}.ReleaseStatic|Win32.Build.0 = Release|Win32
		{C2FC6AFF-553B-4B8F-8158-93D8D50A8C02}.ReleaseStatic|x64.ActiveCfg = Release|Win32
		{C2FC6AFF-553B-4B8F-8158-93D8D50A8C02}.ReleaseStatic|x86.ActiveCfg = Release|Win32
		{C2FC6AFF-553B-4B8F-8158-93D8D50A8C02}.ReleaseStatic|x86.Build.0 = Release|Win32
		{53034340-F651-4ACB-8FEF-FFE0FF7AA013}.Debug|Any CPU.ActiveCfg = Debug|Win32
		{53034340-F651-4ACB-8FEF-FFE0FF7AA013}.Debug|Mixed Platforms.ActiveCfg = Debug|Win32
		{53034340-F651-4ACB-8FEF-FFE0FF7AA013}.Debug|Mixed Platforms.Build.0 = Debug|Win32
		{53034340-F651-4ACB-8FEF-FFE0FF7AA013}.Debug|Win32.ActiveCfg = Debug|Win32
		{53034340-F651-4ACB-8FEF-FFE0FF7AA013}.Debug|Win32.Build.0 = Debug|Win32
		{53034340-F651-4ACB-8FEF-FFE0FF7AA013}.Debug|x64.ActiveCfg = Debug|Win32
		{53034340-F651-4ACB-8FEF-FFE0FF7AA013}.Debug|x86.ActiveCfg = Debug|Win32
		{53034340-F651-4ACB-8FEF-FFE0FF7AA013}.Debug|x86.Build.0 = Debug|Win32
		{53034340-F651-4ACB-8FEF-FFE0FF7AA013}.DebugStatic|Any CPU.ActiveCfg = Debug|Win32
		{53034340-F651-4ACB-8FEF-FFE0FF7AA013}.DebugStatic|Mixed Platforms.ActiveCfg = Debug|Win32
		{53034340-F651-4ACB-8FEF-FFE0FF7AA013}.DebugStatic|Mixed Platforms.Build.0 = Debug|Win32
		{53034340-F651-4ACB-8FEF-FFE0FF7AA013}.DebugStatic|Win32.ActiveCfg = Debug|Win32
		{53034340-F651-4ACB-8FEF-FFE0FF7AA013}.DebugStatic|Win32.Build.0 = Debug|Win32
		{53034340-F651-4ACB-8FEF-FFE0FF7AA013}.DebugStatic|x64.ActiveCfg = Debug|Win32
		{53034340-F651-4ACB-8FEF-FFE0FF7AA013}.DebugStatic|x86.ActiveCfg = Debug|Win32
		{53034340-F651-4ACB-8FEF-FFE0FF7AA013}.DebugStatic|x86.Build.0 = Debug|Win32
		{53034340-F651-4ACB-8FEF-FFE0FF7AA013}.Release|Any CPU.ActiveCfg = Release|Win32
		{53034340-F651-4ACB-8FEF-FFE0FF7AA013}.Release|Mixed Platforms.ActiveCfg = Release|Win32
		{53034340-F651-4ACB-8FEF-FFE0FF7AA013}.Release|Mixed Platforms.Build.0 = Release|Win32
		{53034340-F651-4ACB-8FEF-FFE0FF7AA013}.Release|Win32.ActiveCfg = Release|Win32
		{53034340-F651-4ACB-8FEF-FFE0FF7AA013}.Release|Win32.Build.0 = Release|Win32
		{53034340-F651-4ACB-8FEF-FFE0FF7AA013}.Release|x64.ActiveCfg = Release|Win32
		{53034340-F651-4ACB-8FEF-FFE0FF7AA013}.Release|x86.ActiveCfg = Release|Win32
		{53034340-F651-4ACB-8FEF-FFE0FF7AA013}.Release|x86.Build.0 = Release|Win32
		{53034340-F651-4ACB-8FEF-FFE0FF7AA013}.ReleaseStatic|Any CPU.ActiveCfg = Release|Win32
		{53034340-F651-4ACB-8FEF-FFE0FF7AA013}.ReleaseStatic|Mixed Platforms.ActiveCfg = Release|Win32
		{53034340-F651-4ACB-8FEF-FFE0FF7AA013}.ReleaseStatic|Mixed Platforms.Build.0 = Release|Win32
		{53034340-F651-4ACB-8FEF-FFE0FF7AA013}.ReleaseStatic|Win32.ActiveCfg = Release|Win32
		{53034340-F651-4ACB-8FEF-FFE0FF7AA013}.ReleaseStatic|Win32.Build.0 = Release|Win32
		{53034340-F651-4ACB-8FEF-FFE0FF7AA013}.ReleaseStatic|x64.ActiveCfg = Release|Win32
		{53034340-F651-4ACB-8FEF-FFE0FF7AA013}.ReleaseStatic|x86.ActiveCfg = Release|Win32
		{53034340-F651-4ACB-8FEF-FFE0FF7AA013}.ReleaseStatic|x86.Build.0 = Release|Win32
		{6F26C69D-46EE-40AE-92E3-CD205B2C18E0}.Debug|Any CPU.ActiveCfg = Debug|Win32
		{6F26C69D-46EE-40AE-92E3-CD205B2C18E0}.Debug|Mixed Platforms.ActiveCfg = Debug|Win32
		{6F26C69D-46EE-40AE-92E3-CD205B2C18E0}.Debug|Mixed Platforms.Build.0 = Debug|Win32
		{6F26C69D-46EE-40AE-92E3-CD205B2C18E0}.Debug|Win32.ActiveCfg = Debug|Win32
		{6F26C69D-46EE-40AE-92E3-CD205B2C18E0}.Debug|Win32.Build.0 = Debug|Win32
		{6F26C69D-46EE-40AE-92E3-CD205B2C18E0}.Debug|x64.ActiveCfg = Debug|Win32
		{6F26C69D-46EE-40AE-92E3-CD205B2C18E0}.Debug|x86.ActiveCfg = Debug|Win32
		{6F26C69D-46EE-40AE-92E3-CD205B2C18E0}.Debug|x86.Build.0 = Debug|Win32
		{6F26C69D-46EE-40AE-92E3-CD205B2C18E0}.DebugStatic|Any CPU.ActiveCfg = Debug|Win32
		{6F26C69D-46EE-40AE-92E3-CD205B2C18E0}.DebugStatic|Mixed Platforms.ActiveCfg = Debug|Win32
		{6F26C69D-46EE-40AE-92E3-CD205B2C18E0}.DebugStatic|Mixed Platforms.Build.0 = Debug|Win32
		{6F26C69D-46EE-40AE-92E3-CD205B2C18E0}.DebugStatic|Win32.ActiveCfg = Debug|Win32
		{6F26C69D-46EE-40AE-92E3-CD205B2C18E0}.DebugStatic|Win32.Build.0 = Debug|Win32
		{6F26C69D-46EE-40AE-92E3-CD205B2C18E0}.DebugStatic|x64.ActiveCfg = Debug|Win32
		{6F26C69D-46EE-40AE-92E3-CD205B2C18E0}.DebugStatic|x86.ActiveCfg = Debug|Win32
		{6F26C69D-46EE-40AE-92E3-CD205B2C18E0}.DebugStatic|x86.Build.0 = Debug|Win32
		{6F26C69D-46EE-40AE-92E3-CD205B2C18E0}.Release|Any CPU.ActiveCfg = Release|Win32
		{6F26C69D-46EE-40AE-92E3-CD205B2C18E0}.Release|Mixed Platforms.ActiveCfg = Release|Win32
		{6F26C69D-46EE-40AE-92E3-CD205B2C18E0}.Release|Mixed Platforms.Build.0 = Release|Win32
		{6F26C69D-46EE-40AE-92E3-CD205B2C18E0}.Release|Win32.ActiveCfg = Release|Win32
		{6F26C69D-46EE-40AE-92E3-CD205B2C18E0}.Release|Win32.Build.0 = Release|Win32
		{6F26C69D-46EE-40AE-92E3-CD205B2C18E0}.Release|x64.ActiveCfg = Release|Win32
		{6F26C69D-46EE-40AE-92E3-CD205B2C18E0}.Release|x86.ActiveCfg = Release|Win32
		{6F26C69D-46EE-40AE-92E3-CD205B2C18E0}.Release|x86.Build.0 = Release|Win32
		{6F26C69D-46EE-40AE-92E3-CD205B2C18E0}.ReleaseStatic|Any CPU.ActiveCfg = Release|Win32
		{6F26C69D-46EE-40AE-92E3-CD205B2C18E0}.ReleaseStatic|Mixed Platforms.ActiveCfg = Release|Win32
		{6F26C69D-46EE-40AE-92E3-CD205B2C18E0}.ReleaseStatic|Mixed Platforms.Build.0 = Release|Win32
		{6F26C69D-46EE-40AE-92E3-CD205B2C18E0}.ReleaseStatic|Win32.ActiveCfg = Release|Win32
		{6F26C69D-46EE-40AE-92E3-CD205B2C18E0}.ReleaseStatic|Win32.Build.0 = Release|Win32
		{6F26C69D-46EE-40AE-92E3-CD205B2C18E0}.ReleaseStatic|x64.ActiveCfg = Release|Win32
		{6F26C69D-46EE-40AE-92E3-CD205B2C18E0}.ReleaseStatic|x86.ActiveCfg = Release|Win32
		{6F26C69D-46EE-40AE-92E3-CD205B2C18E0}.ReleaseStatic|x86.Build.0 = Release|Win32
		{03771672-451C-4DF8-B6BE-290B0B8D2D51}.Debug|Any CPU.ActiveCfg = Debug|Win32
		{03771672-451C-4DF8-B6BE-290B0B8D2D51}.Debug|Mixed Platforms.ActiveCfg = Debug|Win32
		{03771672-451C-4DF8-B6BE-290B0B8D2D51}.Debug|Mixed Platforms.Build.0 = Debug|Win32
		{03771672-451C-4DF8-B6BE-290B0B8D2D51}.Debug|Win32.ActiveCfg = Debug|Win32
		{03771672-451C-4DF8-B6BE-290B0B8D2D51}.Debug|Win32.Build.0 = Debug|Win32
		{03771672-451C-4DF8-B6BE-290B0B8D2D51}.Debug|x64.ActiveCfg = Debug|Win32
		{03771672-451C-4DF8-B6BE-290B0B8D2D51}.Debug|x86.ActiveCfg = Debug|Win32
		{03771672-451C-4DF8-B6BE-290B0B8D2D51}.Debug|x86.Build.0 = Debug|Win32
		{03771672-451C-4DF8-B6BE-290B0B8D2D51}.DebugStatic|Any CPU.ActiveCfg = Debug|Win32
		{03771672-451C-4DF8-B6BE-290B0B8D2D51}.DebugStatic|Mixed Platforms.ActiveCfg = Debug|Win32
		{03771672-451C-4DF8-B6BE-290B0B8D2D51}.DebugStatic|Mixed Platforms.Build.0 = Debug|Win32
		{03771672-451C-4DF8-B6BE-290B0B8D2D51}.DebugStatic|Win32.ActiveCfg = Debug|Win32
		{03771672-451C-4DF8-B6BE-290B0B8D2D51}.DebugStatic|Win32.Build.0 = Debug|Win32
		{03771672-451C-4DF8-B6BE-290B0B8D2D51}.DebugStatic|x64.ActiveCfg = Debug|Win32
		{03771672-451C-4DF8-B6BE-290B0B8D2D51}.DebugStatic|x86.ActiveCfg = Debug|Win32
		{03771672-451C-4DF8-B6BE-290B0B8D2D51}.DebugStatic|x86.Build.0 = Debug|Win32
		{03771672-451C-4DF8-B6BE-290B0B8D2D51}.Release|Any CPU.ActiveCfg = Release|Win32
		{03771672-451C-4DF8-B6BE-290B0B8D2D51}.Release|Mixed Platforms.ActiveCfg = Release|Win32
		{03771672-451C-4DF8-B6BE-290B0B8D2D51}.Release|Mixed Platforms.Build.0 = Release|Win32
		{03771672-451C-4DF8-B6BE-290B0B8D2D51}.Release|Win32.ActiveCfg = Release|Win32
		{03771672-451C-4DF8-B6BE-290B0B8D2D51}.Release|Win32.Build.0 = Release|Win32
		{03771672-451C-4DF8-B6BE-290B0B8D2D51}.Release|x64.ActiveCfg = Release|Win32
		{03771672-451C-4DF8-B6BE-290B0B8D2D51}.Release|x86.ActiveCfg = Release|Win32
		{03771672-451C-4DF8-B6BE-290B0B8D2D51}.Release|x86.Build.0 = Release|Win32
		{03771672-451C-4DF8-B6BE-290B0B8D2D51}.ReleaseStatic|Any CPU.ActiveCfg = Release|Win32
		{03771672-451C-4DF8-B6BE-290B0B8D2D51}.ReleaseStatic|Mixed Platforms.ActiveCfg = Release|Win32
		{03771672-451C-4DF8-B6BE-290B0B8D2D51}.ReleaseStatic|Mixed Platforms.Build.0 = Release|Win32
		{03771672-451C-4DF8-B6BE-290B0B8D2D51}.ReleaseStatic|Win32.ActiveCfg = Release|Win32
		{03771672-451C-4DF8-B6BE-290B0B8D2D51}.ReleaseStatic|Win32.Build.0 = Release|Win32
		{03771672-451C-4DF8-B6BE-290B0B8D2D51}.ReleaseStatic|x64.ActiveCfg = Release|Win32
		{03771672-451C-4DF8-B6BE-290B0B8D2D51}.ReleaseStatic|x86.ActiveCfg = Release|Win32
		{03771672-451C-4DF8-B6BE-290B0B8D2D51}.ReleaseStatic|x86.Build.0 = Release|Win32
		{AA5715E5-75AA-4CCC-A3D7-819FC833603C}.Debug|Any CPU.ActiveCfg = Debug|Win32
		{AA5715E5-75AA-4CCC-A3D7-819FC833603C}.Debug|Mixed Platforms.ActiveCfg = Debug|Win32
		{AA5715E5-75AA-4CCC-A3D7-819FC833603C}.Debug|Mixed Platforms.Build.0 = Debug|Win32
		{AA5715E5-75AA-4CCC-A3D7-819FC833603C}.Debug|Win32.ActiveCfg = Debug|Win32
		{AA5715E5-75AA-4CCC-A3D7-819FC833603C}.Debug|Win32.Build.0 = Debug|Win32
		{AA5715E5-75AA-4CCC-A3D7-819FC833603C}.Debug|x64.ActiveCfg = Debug|Win32
		{AA5715E5-75AA-4CCC-A3D7-819FC833603C}.Debug|x86.ActiveCfg = Debug|Win32
		{AA5715E5-75AA-4CCC-A3D7-819FC833603C}.Debug|x86.Build.0 = Debug|Win32
		{AA5715E5-75AA-4CCC-A3D7-819FC833603C}.DebugStatic|Any CPU.ActiveCfg = Debug|Win32
		{AA5715E5-75AA-4CCC-A3D7-819FC833603C}.DebugStatic|Mixed Platforms.ActiveCfg = Debug|Win32
		{AA5715E5-75AA-4CCC-A3D7-819FC833603C}.DebugStatic|Mixed Platforms.Build.0 = Debug|Win32
		{AA5715E5-75AA-4CCC-A3D7-819FC833603C}.DebugStatic|Win32.ActiveCfg = Debug|Win32
		{AA5715E5-75AA-4CCC-A3D7-819FC833603C}.DebugStatic|Win32.Build.0 = Debug|Win32
		{AA5715E5-75AA-4CCC-A3D7-819FC833603C}.DebugStatic|x64.ActiveCfg = Debug|Win32
		{AA5715E5-75AA-4CCC-A3D7-819FC833603C}.DebugStatic|x86.ActiveCfg = Debug|Win32
		{AA5715E5-75AA-4CCC-A3D7-819FC833603C}.DebugStatic|x86.Build.0 = Debug|Win32
		{AA5715E5-75AA-4CCC-A3D7-819FC833603C}.Release|Any CPU.ActiveCfg = Release|Win32
		{AA5715E5-75AA-4CCC-A3D7-819FC833603C}.Release|Mixed Platforms.ActiveCfg = Release|Win32
		{AA5715E5-75AA-4CCC-A3D7-819FC833603C}.Release|Mixed Platforms.Build.0 = Release|Win32
		{AA5715E5-75AA-4CCC-A3D7-819FC833603C}.Release|Win32.ActiveCfg = Release|Win32
		{AA5715E5-75AA-4CCC-A3D7-819FC833603C}.Release|Win32.Build.0 = Release|Win32
		{AA5715E5-75AA-4CCC-A3D7-819FC833603C}.Release|x64.ActiveCfg = Release|Win32
		{AA5715E5-75AA-4CCC-A3D7-819FC833603C}.Release|x86.ActiveCfg = Release|Win32
		{AA5715E5-75AA-4CCC-A3D7-819FC833603C}.Release|x86.Build.0 = Release|Win32
		{AA5715E5-75AA-4CCC-A3D7-819FC833603C}.ReleaseStatic|Any CPU.ActiveCfg = Release|Win32
		{AA5715E5-75AA-4CCC-A3D7-819FC833603C}.ReleaseStatic|Mixed Platforms.ActiveCfg = Release|Win32
		{AA5715E5-75AA-4CCC-A3D7-819FC833603C}.ReleaseStatic|Mixed Platforms.Build.0 = Release|Win32
		{AA5715E5-75AA-4CCC-A3D7-819FC833603C}.ReleaseStatic|Win32.ActiveCfg = Release|Win32
		{AA5715E5-75AA-4CCC-A3D7-819FC833603C}.ReleaseStatic|Win32.Build.0 = Release|Win32
		{AA5715E5-75AA-4CCC-A3D7-819FC833603C}.ReleaseStatic|x64.ActiveCfg = Release|Win32
		{AA5715E5-75AA-4CCC-A3D7-819FC833603C}.ReleaseStatic|x86.ActiveCfg = Release|Win32
		{AA5715E5-75AA-4CCC-A3D7-819FC833603C}.ReleaseStatic|x86.Build.0 = Release|Win32
		{3EBC40B2-C7DE-4C9B-9E38-97F79DD3A1D7}.Debug|Any CPU.ActiveCfg = Debug|Win32
		{3EBC40B2-C7DE-4C9B-9E38-97F79DD3A1D7}.Debug|Mixed Platforms.ActiveCfg = Debug|Win32
		{3EBC40B2-C7DE-4C9B-9E38-97F79DD3A1D7}.Debug|Mixed Platforms.Build.0 = Debug|Win32
		{3EBC40B2-C7DE-4C9B-9E38-97F79DD3A1D7}.Debug|Win32.ActiveCfg = Debug|Win32
		{3EBC40B2-C7DE-4C9B-9E38-97F79DD3A1D7}.Debug|Win32.Build.0 = Debug|Win32
		{3EBC40B2-C7DE-4C9B-9E38-97F79DD3A1D7}.Debug|x64.ActiveCfg = Debug|Win32
		{3EBC40B2-C7DE-4C9B-9E38-97F79DD3A1D7}.Debug|x86.ActiveCfg = Debug|Win32
		{3EBC40B2-C7DE-4C9B-9E38-97F79DD3A1D7}.Debug|x86.Build.0 = Debug|Win32
		{3EBC40B2-C7DE-4C9B-9E38-97F79DD3A1D7}.DebugStatic|Any CPU.ActiveCfg = Debug|Win32
		{3EBC40B2-C7DE-4C9B-9E38-97F79DD3A1D7}.DebugStatic|Mixed Platforms.ActiveCfg = Debug|Win32
		{3EBC40B2-C7DE-4C9B-9E38-97F79DD3A1D7}.DebugStatic|Mixed Platforms.Build.0 = Debug|Win32
		{3EBC40B2-C7DE-4C9B-9E38-97F79DD3A1D7}.DebugStatic|Win32.ActiveCfg = Debug|Win32
		{3EBC40B2-C7DE-4C9B-9E38-97F79DD3A1D7}.DebugStatic|Win32.Build.0 = Debug|Win32
		{3EBC40B2-C7DE-4C9B-9E38-97F79DD3A1D7}.DebugStatic|x64.ActiveCfg = Debug|Win32
		{3EBC40B2-C7DE-4C9B-9E38-97F79DD3A1D7}.DebugStatic|x86.ActiveCfg = Debug|Win32
		{3EBC40B2-C7DE-4C9B-9E38-97F79DD3A1D7}.DebugStatic|x86.Build.0 = Debug|Win32
		{3EBC40B2-C7DE-4C9B-9E38-97F79DD3A1D7}.Release|Any CPU.ActiveCfg = Release|Win32
		{3EBC40B2-C7DE-4C9B-9E38-97F79DD3A1D7}.Release|Mixed Platforms.ActiveCfg = Release|Win32
		{3EBC40B2-C7DE-4C9B-9E38-97F79DD3A1D7}.Release|Mixed Platforms.Build.0 = Release|Win32
		{3EBC40B2-C7DE-4C9B-9E38-97F79DD3A1D7}.Release|Win32.ActiveCfg = Release|Win32
		{3EBC40B2-C7DE-4C9B-9E38-97F79DD3A1D7}.Release|Win32.Build.0 = Release|Win32
		{3EBC40B2-C7DE-4C9B-9E38-97F79DD3A1D7}.Release|x64.ActiveCfg = Release|Win32
		{3EBC40B2-C7DE-4C9B-9E38-97F79DD3A1D7}.Release|x86.ActiveCfg = Release|Win32
		{3EBC40B2-C7DE-4C9B-9E38-97F79DD3A1D7}.Release|x86.Build.0 = Release|Win32
		{3EBC40B2-C7DE-4C9B-9E38-97F79DD3A1D7}.ReleaseStatic|Any CPU.ActiveCfg = Release|Win32
		{3EBC40B2-C7DE-4C9B-9E38-97F79DD3A1D7}.ReleaseStatic|Mixed Platforms.ActiveCfg = Release|Win32
		{3EBC40B2-C7DE-4C9B-9E38-97F79DD3A1D7}.ReleaseStatic|Mixed Platforms.Build.0 = Release|Win32
		{3EBC40B2-C7DE-4C9B-9E38-97F79DD3A1D7}.ReleaseStatic|Win32.ActiveCfg = Release|Win32
		{3EBC40B2-C7DE-4C9B-9E38-97F79DD3A1D7}.ReleaseStatic|Win32.Build.0 = Release|Win32
		{3EBC40B2-C7DE-4C9B-9E38-97F79DD3A1D7}.ReleaseStatic|x64.ActiveCfg = Release|Win32
		{3EBC40B2-C7DE-4C9B-9E38-97F79DD3A1D7}.ReleaseStatic|x86.ActiveCfg = Release|Win32
		{3EBC40B2-C7DE-4C9B-9E38-97F79DD3A1D7}.ReleaseStatic|x86.Build.0 = Release|Win32
		{C8530E36-B249-4F97-938D-AC016AAB9CC1}.Debug|Any CPU.ActiveCfg = Debug|Win32
		{C8530E36-B249-4F97-938D-AC016AAB9CC1}.Debug|Mixed Platforms.ActiveCfg = Debug|Win32
		{C8530E36-B249-4F97-938D-AC016AAB9CC1}.Debug|Mixed Platforms.Build.0 = Debug|Win32
		{C8530E36-B249-4F97-938D-AC016AAB9CC1}.Debug|Win32.ActiveCfg = Debug|Win32
		{C8530E36-B249-4F97-938D-AC016AAB9CC1}.Debug|Win32.Build.0 = Debug|Win32
		{C8530E36-B249-4F97-938D-AC016AAB9CC1}.Debug|x64.ActiveCfg = Debug|Win32
		{C8530E36-B249-4F97-938D-AC016AAB9CC1}.Debug|x86.ActiveCfg = Debug|Win32
		{C8530E36-B249-4F97-938D-AC016AAB9CC1}.Debug|x86.Build.0 = Debug|Win32
		{C8530E36-B249-4F97-938D-AC016AAB9CC1}.DebugStatic|Any CPU.ActiveCfg = Debug|Win32
		{C8530E36-B249-4F97-938D-AC016AAB9CC1}.DebugStatic|Mixed Platforms.ActiveCfg = Debug|Win32
		{C8530E36-B249-4F97-938D-AC016AAB9CC1}.DebugStatic|Mixed Platforms.Build.0 = Debug|Win32
		{C8530E36-B249-4F97-938D-AC016AAB9CC1}.DebugStatic|Win32.ActiveCfg = Debug|Win32
		{C8530E36-B249-4F97-938D-AC016AAB9CC1}.DebugStatic|Win32.Build.0 = Debug|Win32
		{C8530E36-B249-4F97-938D-AC016AAB9CC1}.DebugStatic|x64.ActiveCfg = Debug|Win32
		{C8530E36-B249-4F97-938D-AC016AAB9CC1}.DebugStatic|x86.ActiveCfg = Debug|Win32
		{C8530E36-B249-4F97-938D-AC016AAB9CC1}.DebugStatic|x86.Build.0 = Debug|Win32
		{C8530E36-B249-4F97-938D-AC016AAB9CC1}.Release|Any CPU.ActiveCfg = Release|Win32
		{C8530E36-B249-4F97-938D-AC016AAB9CC1}.Release|Mixed Platforms.ActiveCfg = Release|Win32
		{C8530E36-B249-4F97-938D-AC016AAB9CC1}.Release|Mixed Platforms.Build.0 = Release|Win32
		{C8530E36-B249-4F97-938D-AC016AAB9CC1}.Release|Win32.ActiveCfg = Release|Win32
		{C8530E36-B249-4F97-938D-AC016AAB9CC1}.Release|Win32.Build.0 = Release|Win32
		{C8530E36-B249-4F97-938D-AC016AAB9CC1}.Release|x64.ActiveCfg = Release|Win32
		{C8530E36-B249-4F97-938D-AC016AAB9CC1}.Release|x86.ActiveCfg = Release|Win32
		{C8530E36-B249-4F97-938D-AC016AAB9CC1}.Release|x86.Build.0 = Release|Win32
		{C8530E36-B249-4F97-938D-AC016AAB9CC1}.ReleaseStatic|Any CPU.ActiveCfg = Release|Win32
		{C8530E36-B249-4F97-938D-AC016AAB9CC1}.ReleaseStatic|Mixed Platforms.ActiveCfg = Release|Win32
		{C8530E36-B249-4F97-938D-AC016AAB9CC1}.ReleaseStatic|Mixed Platforms.Build.0 = Release|Win32
		{C8530E36-B249-4F97-938D-AC016AAB9CC1}.ReleaseStatic|Win32.ActiveCfg = Release|Win32
		{C8530E36-B249-4F97-938D-AC016AAB9CC1}.ReleaseStatic|Win32.Build.0 = Release|Win32
		{C8530E36-B249-4F97-938D-AC016AAB9CC1}.ReleaseStatic|x64.ActiveCfg = Release|Win32
		{C8530E36-B249-4F97-938D-AC016AAB9CC1}.ReleaseStatic|x86.ActiveCfg = Release|Win32
		{C8530E36-B249-4F97-938D-AC016AAB9CC1}.ReleaseStatic|x86.Build.0 = Release|Win32
		{2887D32D-EC08-48BF-B7B6-0A704A41E909}.Debug|Any CPU.ActiveCfg = Debug|Win32
		{2887D32D-EC08-48BF-B7B6-0A704A41E909}.Debug|Mixed Platforms.ActiveCfg = Debug|Win32
		{2887D32D-EC08-48BF-B7B6-0A704A41E909}.Debug|Mixed Platforms.Build.0 = Debug|Win32
		{2887D32D-EC08-48BF-B7B6-0A704A41E909}.Debug|Win32.ActiveCfg = Debug|Win32
		{2887D32D-EC08-48BF-B7B6-0A704A41E909}.Debug|Win32.Build.0 = Debug|Win32
		{2887D32D-EC08-48BF-B7B6-0A704A41E909}.Debug|x64.ActiveCfg = Debug|Win32
		{2887D32D-EC08-48BF-B7B6-0A704A41E909}.Debug|x86.ActiveCfg = Debug|Win32
		{2887D32D-EC08-48BF-B7B6-0A704A41E909}.Debug|x86.Build.0 = Debug|Win32
		{2887D32D-EC08-48BF-B7B6-0A704A41E909}.DebugStatic|Any CPU.ActiveCfg = Debug|Win32
		{2887D32D-EC08-48BF-B7B6-0A704A41E909}.DebugStatic|Mixed Platforms.ActiveCfg = Debug|Win32
		{2887D32D-EC08-48BF-B7B6-0A704A41E909}.DebugStatic|Mixed Platforms.Build.0 = Debug|Win32
		{2887D32D-EC08-48BF-B7B6-0A704A41E909}.DebugStatic|Win32.ActiveCfg = Debug|Win32
		{2887D32D-EC08-48BF-B7B6-0A704A41E909}.DebugStatic|Win32.Build.0 = Debug|Win32
		{2887D32D-EC08-48BF-B7B6-0A704A41E909}.DebugStatic|x64.ActiveCfg = Debug|Win32
		{2887D32D-EC08-48BF-B7B6-0A704A41E909}.DebugStatic|x86.ActiveCfg = Debug|Win32
		{2887D32D-EC08-48BF-B7B6-0A704A41E909}.DebugStatic|x86.Build.0 = Debug|Win32
		{2887D32D-EC08-48BF-B7B6-0A704A41E909}.Release|Any CPU.ActiveCfg = Release|Win32
		{2887D32D-EC08-48BF-B7B6-0A704A41E909}.Release|Mixed Platforms.ActiveCfg = Release|Win32
		{2887D32D-EC08-48BF-B7B6-0A704A41E909}.Release|Mixed Platforms.Build.0 = Release|Win32
		{2887D32D-EC08-48BF-B7B6-0A704A41E909}.Release|Win32.ActiveCfg = Release|Win32
		{2887D32D-EC08-48BF-B7B6-0A704A41E909}.Release|x64.ActiveCfg = Release|Win32
		{2887D32D-EC08-48BF-B7B6-0A704A41E909}.Release|x86.ActiveCfg = Release|Win32
		{2887D32D-EC08-48BF-B7B6-0A704A41E909}.Release|x86.Build.0 = Release|Win32
		{2887D32D-EC08-48BF-B7B6-0A704A41E909}.ReleaseStatic|Any CPU.ActiveCfg = Release|Win32
		{2887D32D-EC08-48BF-B7B6-0A704A41E909}.ReleaseStatic|Mixed Platforms.ActiveCfg = Release|Win32
		{2887D32D-EC08-48BF-B7B6-0A704A41E909}.ReleaseStatic|Mixed Platforms.Build.0 = Release|Win32
		{2887D32D-EC08-48BF-B7B6-0A704A41E909}.ReleaseStatic|Win32.ActiveCfg = Release|Win32
		{2887D32D-EC08-48BF-B7B6-0A704A41E909}.ReleaseStatic|Win32.Build.0 = Release|Win32
		{2887D32D-EC08-48BF-B7B6-0A704A41E909}.ReleaseStatic|x64.ActiveCfg = Release|Win32
		{2887D32D-EC08-48BF-B7B6-0A704A41E909}.ReleaseStatic|x86.ActiveCfg = Release|Win32
		{2887D32D-EC08-48BF-B7B6-0A704A41E909}.ReleaseStatic|x86.Build.0 = Release|Win32
		{6868442D-4090-4022-8BD0-49446B1C249F}.Debug|Any CPU.ActiveCfg = Debug|Win32
		{6868442D-4090-4022-8BD0-49446B1C249F}.Debug|Mixed Platforms.ActiveCfg = Debug|Win32
		{6868442D-4090-4022-8BD0-49446B1C249F}.Debug|Mixed Platforms.Build.0 = Debug|Win32
		{6868442D-4090-4022-8BD0-49446B1C249F}.Debug|Win32.ActiveCfg = Debug|Win32
		{6868442D-4090-4022-8BD0-49446B1C249F}.Debug|Win32.Build.0 = Debug|Win32
		{6868442D-4090-4022-8BD0-49446B1C249F}.Debug|x64.ActiveCfg = Debug|Win32
		{6868442D-4090-4022-8BD0-49446B1C249F}.Debug|x86.ActiveCfg = Debug|Win32
		{6868442D-4090-4022-8BD0-49446B1C249F}.Debug|x86.Build.0 = Debug|Win32
		{6868442D-4090-4022-8BD0-49446B1C249F}.DebugStatic|Any CPU.ActiveCfg = Debug|Win32
		{6868442D-4090-4022-8BD0-49446B1C249F}.DebugStatic|Mixed Platforms.ActiveCfg = Debug|Win32
		{6868442D-4090-4022-8BD0-49446B1C249F}.DebugStatic|Mixed Platforms.Build.0 = Debug|Win32
		{6868442D-4090-4022-8BD0-49446B1C249F}.DebugStatic|Win32.ActiveCfg = Debug|Win32
		{6868442D-4090-4022-8BD0-49446B1C249F}.DebugStatic|Win32.Build.0 = Debug|Win32
		{6868442D-4090-4022-8BD0-49446B1C249F}.DebugStatic|x64.ActiveCfg = Debug|Win32
		{6868442D-4090-4022-8BD0-49446B1C249F}.DebugStatic|x86.ActiveCfg = Debug|Win32
		{6868442D-4090-4022-8BD0-49446B1C249F}.DebugStatic|x86.Build.0 = Debug|Win32
		{6868442D-4090-4022-8BD0-49446B1C249F}.Release|Any CPU.ActiveCfg = Release|Win32
		{6868442D-4090-4022-8BD0-49446B1C249F}.Release|Mixed Platforms.ActiveCfg = Release|Win32
		{6868442D-4090-4022-8BD0-49446B1C249F}.Release|Mixed Platforms.Build.0 = Release|Win32
		{6868442D-4090-4022-8BD0-49446B1C249F}.Release|Win32.ActiveCfg = Release|Win32
		{6868442D-4090-4022-8BD0-49446B1C249F}.Release|Win32.Build.0 = Release|Win32
		{6868442D-4090-4022-8BD0-49446B1C249F}.Release|x64.ActiveCfg = Release|Win32
		{6868442D-4090-4022-8BD0-49446B1C249F}.Release|x86.ActiveCfg = Release|Win32
		{6868442D-4090-4022-8BD0-49446B1C249F}.Release|x86.Build.0 = Release|Win32
		{6868442D-4090-4022-8BD0-49446B1C249F}.ReleaseStatic|Any CPU.ActiveCfg = Release|Win32
		{6868442D-4090-4022-8BD0-49446B1C249F}.ReleaseStatic|Mixed Platforms.ActiveCfg = Release|Win32
		{6868442D-4090-4022-8BD0-49446B1C249F}.ReleaseStatic|Mixed Platforms.Build.0 = Release|Win32
		{6868442D-4090-4022-8BD0-49446B1C249F}.ReleaseStatic|Win32.ActiveCfg = Release|Win32
		{6868442D-4090-4022-8BD0-49446B1C249F}.ReleaseStatic|Win32.Build.0 = Release|Win32
		{6868442D-4090-4022-8BD0-49446B1C249F}.ReleaseStatic|x64.ActiveCfg = Release|Win32
		{6868442D-4090-4022-8BD0-49446B1C249F}.ReleaseStatic|x86.ActiveCfg = Release|Win32
		{6868442D-4090-4022-8BD0-49446B1C249F}.ReleaseStatic|x86.Build.0 = Release|Win32
		{D945F0CD-6C29-47DC-8687-18A06CF7502E}.Debug|Any CPU.ActiveCfg = Debug|Win32
		{D945F0CD-6C29-47DC-8687-18A06CF7502E}.Debug|Mixed Platforms.ActiveCfg = Debug|Win32
		{D945F0CD-6C29-47DC-8687-18A06CF7502E}.Debug|Mixed Platforms.Build.0 = Debug|Win32
		{D945F0CD-6C29-47DC-8687-18A06CF7502E}.Debug|Win32.ActiveCfg = Debug|Win32
		{D945F0CD-6C29-47DC-8687-18A06CF7502E}.Debug|Win32.Build.0 = Debug|Win32
		{D945F0CD-6C29-47DC-8687-18A06CF7502E}.Debug|x64.ActiveCfg = Debug|Win32
		{D945F0CD-6C29-47DC-8687-18A06CF7502E}.Debug|x86.ActiveCfg = Debug|Win32
		{D945F0CD-6C29-47DC-8687-18A06CF7502E}.Debug|x86.Build.0 = Debug|Win32
		{D945F0CD-6C29-47DC-8687-18A06CF7502E}.DebugStatic|Any CPU.ActiveCfg = Debug|Win32
		{D945F0CD-6C29-47DC-8687-18A06CF7502E}.DebugStatic|Mixed Platforms.ActiveCfg = Debug|Win32
		{D945F0CD-6C29-47DC-8687-18A06CF7502E}.DebugStatic|Mixed Platforms.Build.0 = Debug|Win32
		{D945F0CD-6C29-47DC-8687-18A06CF7502E}.DebugStatic|Win32.ActiveCfg = Debug|Win32
		{D945F0CD-6C29-47DC-8687-18A06CF7502E}.DebugStatic|Win32.Build.0 = Debug|Win32
		{D945F0CD-6C29-47DC-8687-18A06CF7502E}.DebugStatic|x64.ActiveCfg = Debug|Win32
		{D945F0CD-6C29-47DC-8687-18A06CF7502E}.DebugStatic|x86.ActiveCfg = Debug|Win32
		{D945F0CD-6C29-47DC-8687-18A06CF7502E}.DebugStatic|x86.Build.0 = Debug|Win32
		{D945F0CD-6C29-47DC-8687-18A06CF7502E}.Release|Any CPU.ActiveCfg = Release|Win32
		{D945F0CD-6C29-47DC-8687-18A06CF7502E}.Release|Mixed Platforms.ActiveCfg = Release|Win32
		{D945F0CD-6C29-47DC-8687-18A06CF7502E}.Release|Mixed Platforms.Build.0 = Release|Win32
		{D945F0CD-6C29-47DC-8687-18A06CF7502E}.Release|Win32.ActiveCfg = Release|Win32
		{D945F0CD-6C29-47DC-8687-18A06CF7502E}.Release|Win32.Build.0 = Release|Win32
		{D945F0CD-6C29-47DC-8687-18A06CF7502E}.Release|x64.ActiveCfg = Release|Win32
		{D945F0CD-6C29-47DC-8687-18A06CF7502E}.Release|x86.ActiveCfg = Release|Win32
		{D945F0CD-6C29-47DC-8687-18A06CF7502E}.Release|x86.Build.0 = Release|Win32
		{D945F0CD-6C29-47DC-8687-18A06CF7502E}.ReleaseStatic|Any CPU.ActiveCfg = Release|Win32
		{D945F0CD-6C29-47DC-8687-18A06CF7502E}.ReleaseStatic|Mixed Platforms.ActiveCfg = Release|Win32
		{D945F0CD-6C29-47DC-8687-18A06CF7502E}.ReleaseStatic|Mixed Platforms.Build.0 = Release|Win32
		{D945F0CD-6C29-47DC-8687-18A06CF7502E}.ReleaseStatic|Win32.ActiveCfg = Release|Win32
		{D945F0CD-6C29-47DC-8687-18A06CF7502E}.ReleaseStatic|Win32.Build.0 = Release|Win32
		{D945F0CD-6C29-47DC-8687-18A06CF7502E}.ReleaseStatic|x64.ActiveCfg = Release|Win32
		{D945F0CD-6C29-47DC-8687-18A06CF7502E}.ReleaseStatic|x86.ActiveCfg = Release|Win32
		{D945F0CD-6C29-47DC-8687-18A06CF7502E}.ReleaseStatic|x86.Build.0 = Release|Win32
		{9B9B4259-64CB-4EEF-BEDE-EE23435A6B68}.Debug|Any CPU.ActiveCfg = Debug|Win32
		{9B9B4259-64CB-4EEF-BEDE-EE23435A6B68}.Debug|Mixed Platforms.ActiveCfg = Debug|Win32
		{9B9B4259-64CB-4EEF-BEDE-EE23435A6B68}.Debug|Mixed Platforms.Build.0 = Debug|Win32
		{9B9B4259-64CB-4EEF-BEDE-EE23435A6B68}.Debug|Win32.ActiveCfg = Debug|Win32
		{9B9B4259-64CB-4EEF-BEDE-EE23435A6B68}.Debug|Win32.Build.0 = Debug|Win32
		{9B9B4259-64CB-4EEF-BEDE-EE23435A6B68}.Debug|x64.ActiveCfg = Debug|Win32
		{9B9B4259-64CB-4EEF-BEDE-EE23435A6B68}.Debug|x86.ActiveCfg = Debug|Win32
		{9B9B4259-64CB-4EEF-BEDE-EE23435A6B68}.Debug|x86.Build.0 = Debug|Win32
		{9B9B4259-64CB-4EEF-BEDE-EE23435A6B68}.DebugStatic|Any CPU.ActiveCfg = Debug|Win32
		{9B9B4259-64CB-4EEF-BEDE-EE23435A6B68}.DebugStatic|Mixed Platforms.ActiveCfg = Debug|Win32
		{9B9B4259-64CB-4EEF-BEDE-EE23435A6B68}.DebugStatic|Mixed Platforms.Build.0 = Debug|Win32
		{9B9B4259-64CB-4EEF-BEDE-EE23435A6B68}.DebugStatic|Win32.ActiveCfg = Debug|Win32
		{9B9B4259-64CB-4EEF-BEDE-EE23435A6B68}.DebugStatic|Win32.Build.0 = Debug|Win32
		{9B9B4259-64CB-4EEF-BEDE-EE23435A6B68}.DebugStatic|x64.ActiveCfg = Debug|Win32
		{9B9B4259-64CB-4EEF-BEDE-EE23435A6B68}.DebugStatic|x86.ActiveCfg = Debug|Win32
		{9B9B4259-64CB-4EEF-BEDE-EE23435A6B68}.DebugStatic|x86.Build.0 = Debug|Win32
		{9B9B4259-64CB-4EEF-BEDE-EE23435A6B68}.Release|Any CPU.ActiveCfg = Release|Win32
		{9B9B4259-64CB-4EEF-BEDE-EE23435A6B68}.Release|Mixed Platforms.ActiveCfg = Release|Win32
		{9B9B4259-64CB-4EEF-BEDE-EE23435A6B68}.Release|Mixed Platforms.Build.0 = Release|Win32
		{9B9B4259-64CB-4EEF-BEDE-EE23435A6B68}.Release|Win32.ActiveCfg = Release|Win32
		{9B9B4259-64CB-4EEF-BEDE-EE23435A6B68}.Release|Win32.Build.0 = Release|Win32
		{9B9B4259-64CB-4EEF-BEDE-EE23435A6B68}.Release|x64.ActiveCfg = Release|Win32
		{9B9B4259-64CB-4EEF-BEDE-EE23435A6B68}.Release|x86.ActiveCfg = Release|Win32
		{9B9B4259-64CB-4EEF-BEDE-EE23435A6B68}.Release|x86.Build.0 = Release|Win32
		{9B9B4259-64CB-4EEF-BEDE-EE23435A6B68}.ReleaseStatic|Any CPU.ActiveCfg = Release|Win32
		{9B9B4259-64CB-4EEF-BEDE-EE23435A6B68}.ReleaseStatic|Mixed Platforms.ActiveCfg = Release|Win32
		{9B9B4259-64CB-4EEF-BEDE-EE23435A6B68}.ReleaseStatic|Mixed Platforms.Build.0 = Release|Win32
		{9B9B4259-64CB-4EEF-BEDE-EE23435A6B68}.ReleaseStatic|Win32.ActiveCfg = Release|Win32
		{9B9B4259-64CB-4EEF-BEDE-EE23435A6B68}.ReleaseStatic|Win32.Build.0 = Release|Win32
		{9B9B4259-64CB-4EEF-BEDE-EE23435A6B68}.ReleaseStatic|x64.ActiveCfg = Release|Win32
		{9B9B4259-64CB-4EEF-BEDE-EE23435A6B68}.ReleaseStatic|x86.ActiveCfg = Release|Win32
		{9B9B4259-64CB-4EEF-BEDE-EE23435A6B68}.ReleaseStatic|x86.Build.0 = Release|Win32
		{6368BADB-C660-4B6A-B986-541EF3C0B9B1}.Debug|Any CPU.ActiveCfg = Debug|Win32
		{6368BADB-C660-4B6A-B986-541EF3C0B9B1}.Debug|Mixed Platforms.ActiveCfg = Debug|Win32
		{6368BADB-C660-4B6A-B986-541EF3C0B9B1}.Debug|Mixed Platforms.Build.0 = Debug|Win32
		{6368BADB-C660-4B6A-B986-541EF3C0B9B1}.Debug|Win32.ActiveCfg = Debug|Win32
		{6368BADB-C660-4B6A-B986-541EF3C0B9B1}.Debug|Win32.Build.0 = Debug|Win32
		{6368BADB-C660-4B6A-B986-541EF3C0B9B1}.Debug|x64.ActiveCfg = Debug|Win32
		{6368BADB-C660-4B6A-B986-541EF3C0B9B1}.Debug|x86.ActiveCfg = Debug|Win32
		{6368BADB-C660-4B6A-B986-541EF3C0B9B1}.Debug|x86.Build.0 = Debug|Win32
		{6368BADB-C660-4B6A-B986-541EF3C0B9B1}.DebugStatic|Any CPU.ActiveCfg = Debug|Win32
		{6368BADB-C660-4B6A-B986-541EF3C0B9B1}.DebugStatic|Mixed Platforms.ActiveCfg = Debug|Win32
		{6368BADB-C660-4B6A-B986-541EF3C0B9B1}.DebugStatic|Mixed Platforms.Build.0 = Debug|Win32
		{6368BADB-C660-4B6A-B986-541EF3C0B9B1}.DebugStatic|Win32.ActiveCfg = Debug|Win32
		{6368BADB-C660-4B6A-B986-541EF3C0B9B1}.DebugStatic|Win32.Build.0 = Debug|Win32
		{6368BADB-C660-4B6A-B986-541EF3C0B9B1}.DebugStatic|x64.ActiveCfg = Debug|Win32
		{6368BADB-C660-4B6A-B986-541EF3C0B9B1}.DebugStatic|x86.ActiveCfg = Debug|Win32
		{6368BADB-C660-4B6A-B986-541EF3C0B9B1}.DebugStatic|x86.Build.0 = Debug|Win32
		{6368BADB-C660-4B6A-B986-541EF3C0B9B1}.Release|Any CPU.ActiveCfg = Release|Win32
		{6368BADB-C660-4B6A-B986-541EF3C0B9B1}.Release|Mixed Platforms.ActiveCfg = Release|Win32
		{6368BADB-C660-4B6A-B986-541EF3C0B9B1}.Release|Mixed Platforms.Build.0 = Release|Win32
		{6368BADB-C660-4B6A-B986-541EF3C0B9B1}.Release|Win32.ActiveCfg = Release|Win32
		{6368BADB-C660-4B6A-B986-541EF3C0B9B1}.Release|Win32.Build.0 = Release|Win32
		{6368BADB-C660-4B6A-B986-541EF3C0B9B1}.Release|x64.ActiveCfg = Release|Win32
		{6368BADB-C660-4B6A-B986-541EF3C0B9B1}.Release|x86.ActiveCfg = Release|Win32
		{6368BADB-C660-4B6A-B986-541EF3C0B9B1}.Release|x86.Build.0 = Release|Win32
		{6368BADB-C660-4B6A-B986-541EF3C0B9B1}.ReleaseStatic|Any CPU.ActiveCfg = Release|Win32
		{6368BADB-C660-4B6A-B986-541EF3C0B9B1}.ReleaseStatic|Mixed Platforms.ActiveCfg = Release|Win32
		{6368BADB-C660-4B6A-B986-541EF3C0B9B1}.ReleaseStatic|Mixed Platforms.Build.0 = Release|Win32
		{6368BADB-C660-4B6A-B986-541EF3C0B9B1}.ReleaseStatic|Win32.ActiveCfg = Release|Win32
		{6368BADB-C660-4B6A-B986-541EF3C0B9B1}.ReleaseStatic|Win32.Build.0 = Release|Win32
		{6368BADB-C660-4B6A-B986-541EF3C0B9B1}.ReleaseStatic|x64.ActiveCfg = Release|Win32
		{6368BADB-C660-4B6A-B986-541EF3C0B9B1}.ReleaseStatic|x86.ActiveCfg = Release|Win32
		{6368BADB-C660-4B6A-B986-541EF3C0B9B1}.ReleaseStatic|x86.Build.0 = Release|Win32
		{00AB62FF-DC93-4B81-B4FE-E3229DC44D91}.Debug|Any CPU.ActiveCfg = Debug|Win32
		{00AB62FF-DC93-4B81-B4FE-E3229DC44D91}.Debug|Mixed Platforms.ActiveCfg = Debug|Win32
		{00AB62FF-DC93-4B81-B4FE-E3229DC44D91}.Debug|Mixed Platforms.Build.0 = Debug|Win32
		{00AB62FF-DC93-4B81-B4FE-E3229DC44D91}.Debug|Win32.ActiveCfg = Debug|Win32
		{00AB62FF-DC93-4B81-B4FE-E3229DC44D91}.Debug|Win32.Build.0 = Debug|Win32
		{00AB62FF-DC93-4B81-B4FE-E3229DC44D91}.Debug|x64.ActiveCfg = Debug|Win32
		{00AB62FF-DC93-4B81-B4FE-E3229DC44D91}.Debug|x86.ActiveCfg = Debug|Win32
		{00AB62FF-DC93-4B81-B4FE-E3229DC44D91}.Debug|x86.Build.0 = Debug|Win32
		{00AB62FF-DC93-4B81-B4FE-E3229DC44D91}.DebugStatic|Any CPU.ActiveCfg = Debug|Win32
		{00AB62FF-DC93-4B81-B4FE-E3229DC44D91}.DebugStatic|Mixed Platforms.ActiveCfg = Debug|Win32
		{00AB62FF-DC93-4B81-B4FE-E3229DC44D91}.DebugStatic|Mixed Platforms.Build.0 = Debug|Win32
		{00AB62FF-DC93-4B81-B4FE-E3229DC44D91}.DebugStatic|Win32.ActiveCfg = Debug|Win32
		{00AB62FF-DC93-4B81-B4FE-E3229DC44D91}.DebugStatic|Win32.Build.0 = Debug|Win32
		{00AB62FF-DC93-4B81-B4FE-E3229DC44D91}.DebugStatic|x64.ActiveCfg = Debug|Win32
		{00AB62FF-DC93-4B81-B4FE-E3229DC44D91}.DebugStatic|x86.ActiveCfg = Debug|Win32
		{00AB62FF-DC93-4B81-B4FE-E3229DC44D91}.DebugStatic|x86.Build.0 = Debug|Win32
		{00AB62FF-DC93-4B81-B4FE-E3229DC44D91}.Release|Any CPU.ActiveCfg = Release|Win32
		{00AB62FF-DC93-4B81-B4FE-E3229DC44D91}.Release|Mixed Platforms.ActiveCfg = Release|Win32
		{00AB62FF-DC93-4B81-B4FE-E3229DC44D91}.Release|Mixed Platforms.Build.0 = Release|Win32
		{00AB62FF-DC93-4B81-B4FE-E3229DC44D91}.Release|Win32.ActiveCfg = Release|Win32
		{00AB62FF-DC93-4B81-B4FE-E3229DC44D91}.Release|Win32.Build.0 = Release|Win32
		{00AB62FF-DC93-4B81-B4FE-E3229DC44D91}.Release|x64.ActiveCfg = Release|Win32
		{00AB62FF-DC93-4B81-B4FE-E3229DC44D91}.Release|x86.ActiveCfg = Release|Win32
		{00AB62FF-DC93-4B81-B4FE-E3229DC44D91}.Release|x86.Build.0 = Release|Win32
		{00AB62FF-DC93-4B81-B4FE-E3229DC44D91}.ReleaseStatic|Any CPU.ActiveCfg = Release|Win32
		{00AB62FF-DC93-4B81-B4FE-E3229DC44D91}.ReleaseStatic|Mixed Platforms.ActiveCfg = Release|Win32
		{00AB62FF-DC93-4B81-B4FE-E3229DC44D91}.ReleaseStatic|Mixed Platforms.Build.0 = Release|Win32
		{00AB62FF-DC93-4B81-B4FE-E3229DC44D91}.ReleaseStatic|Win32.ActiveCfg = Release|Win32
		{00AB62FF-DC93-4B81-B4FE-E3229DC44D91}.ReleaseStatic|Win32.Build.0 = Release|Win32
		{00AB62FF-DC93-4B81-B4FE-E3229DC44D91}.ReleaseStatic|x64.ActiveCfg = Release|Win32
		{00AB62FF-DC93-4B81-B4FE-E3229DC44D91}.ReleaseStatic|x86.ActiveCfg = Release|Win32
		{00AB62FF-DC93-4B81-B4FE-E3229DC44D91}.ReleaseStatic|x86.Build.0 = Release|Win32
		{CA9DE663-102C-4953-B09E-BCFFEC17D7E4}.Debug|Any CPU.ActiveCfg = Debug|Win32
		{CA9DE663-102C-4953-B09E-BCFFEC17D7E4}.Debug|Mixed Platforms.ActiveCfg = Debug|Win32
		{CA9DE663-102C-4953-B09E-BCFFEC17D7E4}.Debug|Mixed Platforms.Build.0 = Debug|Win32
		{CA9DE663-102C-4953-B09E-BCFFEC17D7E4}.Debug|Win32.ActiveCfg = Debug|Win32
		{CA9DE663-102C-4953-B09E-BCFFEC17D7E4}.Debug|Win32.Build.0 = Debug|Win32
		{CA9DE663-102C-4953-B09E-BCFFEC17D7E4}.Debug|x64.ActiveCfg = Debug|Win32
		{CA9DE663-102C-4953-B09E-BCFFEC17D7E4}.Debug|x86.ActiveCfg = Debug|Win32
		{CA9DE663-102C-4953-B09E-BCFFEC17D7E4}.Debug|x86.Build.0 = Debug|Win32
		{CA9DE663-102C-4953-B09E-BCFFEC17D7E4}.DebugStatic|Any CPU.ActiveCfg = Debug|Win32
		{CA9DE663-102C-4953-B09E-BCFFEC17D7E4}.DebugStatic|Mixed Platforms.ActiveCfg = Debug|Win32
		{CA9DE663-102C-4953-B09E-BCFFEC17D7E4}.DebugStatic|Mixed Platforms.Build.0 = Debug|Win32
		{CA9DE663-102C-4953-B09E-BCFFEC17D7E4}.DebugStatic|Win32.ActiveCfg = Debug|Win32
		{CA9DE663-102C-4953-B09E-BCFFEC17D7E4}.DebugStatic|Win32.Build.0 = Debug|Win32
		{CA9DE663-102C-4953-B09E-BCFFEC17D7E4}.DebugStatic|x64.ActiveCfg = Debug|Win32
		{CA9DE663-102C-4953-B09E-BCFFEC17D7E4}.DebugStatic|x86.ActiveCfg = Debug|Win32
		{CA9DE663-102C-4953-B09E-BCFFEC17D7E4}.DebugStatic|x86.Build.0 = Debug|Win32
		{CA9DE663-102C-4953-B09E-BCFFEC17D7E4}.Release|Any CPU.ActiveCfg = Release|Win32
		{CA9DE663-102C-4953-B09E-BCFFEC17D7E4}.Release|Mixed Platforms.ActiveCfg = Release|Win32
		{CA9DE663-102C-4953-B09E-BCFFEC17D7E4}.Release|Mixed Platforms.Build.0 = Release|Win32
		{CA9DE663-102C-4953-B09E-BCFFEC17D7E4}.Release|Win32.ActiveCfg = Release|Win32
		{CA9DE663-102C-4953-B09E-BCFFEC17D7E4}.Release|Win32.Build.0 = Release|Win32
		{CA9DE663-102C-4953-B09E-BCFFEC17D7E4}.Release|x64.ActiveCfg = Release|Win32
		{CA9DE663-102C-4953-B09E-BCFFEC17D7E4}.Release|x86.ActiveCfg = Release|Win32
		{CA9DE663-102C-4953-B09E-BCFFEC17D7E4}.Release|x86.Build.0 = Release|Win32
		{CA9DE663-102C-4953-B09E-BCFFEC17D7E4}.ReleaseStatic|Any CPU.ActiveCfg = Release|Win32
		{CA9DE663-102C-4953-B09E-BCFFEC17D7E4}.ReleaseStatic|Mixed Platforms.ActiveCfg = Release|Win32
		{CA9DE663-102C-4953-B09E-BCFFEC17D7E4}.ReleaseStatic|Mixed Platforms.Build.0 = Release|Win32
		{CA9DE663-102C-4953-B09E-BCFFEC17D7E4}.ReleaseStatic|Win32.ActiveCfg = Release|Win32
		{CA9DE663-102C-4953-B09E-BCFFEC17D7E4}.ReleaseStatic|Win32.Build.0 = Release|Win32
		{CA9DE663-102C-4953-B09E-BCFFEC17D7E4}.ReleaseStatic|x64.ActiveCfg = Release|Win32
		{CA9DE663-102C-4953-B09E-BCFFEC17D7E4}.ReleaseStatic|x86.ActiveCfg = Release|Win32
		{CA9DE663-102C-4953-B09E-BCFFEC17D7E4}.ReleaseStatic|x86.Build.0 = Release|Win32
		{4AF01887-F20F-4E90-B5DE-48168D60E6BC}.Debug|Any CPU.ActiveCfg = Debug|Win32
		{4AF01887-F20F-4E90-B5DE-48168D60E6BC}.Debug|Mixed Platforms.ActiveCfg = Debug|Win32
		{4AF01887-F20F-4E90-B5DE-48168D60E6BC}.Debug|Mixed Platforms.Build.0 = Debug|Win32
		{4AF01887-F20F-4E90-B5DE-48168D60E6BC}.Debug|Win32.ActiveCfg = Debug|Win32
		{4AF01887-F20F-4E90-B5DE-48168D60E6BC}.Debug|Win32.Build.0 = Debug|Win32
		{4AF01887-F20F-4E90-B5DE-48168D60E6BC}.Debug|x64.ActiveCfg = Debug|Win32
		{4AF01887-F20F-4E90-B5DE-48168D60E6BC}.Debug|x86.ActiveCfg = Debug|Win32
		{4AF01887-F20F-4E90-B5DE-48168D60E6BC}.Debug|x86.Build.0 = Debug|Win32
		{4AF01887-F20F-4E90-B5DE-48168D60E6BC}.DebugStatic|Any CPU.ActiveCfg = Debug|Win32
		{4AF01887-F20F-4E90-B5DE-48168D60E6BC}.DebugStatic|Mixed Platforms.ActiveCfg = Debug|Win32
		{4AF01887-F20F-4E90-B5DE-48168D60E6BC}.DebugStatic|Mixed Platforms.Build.0 = Debug|Win32
		{4AF01887-F20F-4E90-B5DE-48168D60E6BC}.DebugStatic|Win32.ActiveCfg = Debug|Win32
		{4AF01887-F20F-4E90-B5DE-48168D60E6BC}.DebugStatic|Win32.Build.0 = Debug|Win32
		{4AF01887-F20F-4E90-B5DE-48168D60E6BC}.DebugStatic|x64.ActiveCfg = Debug|Win32
		{4AF01887-F20F-4E90-B5DE-48168D60E6BC}.DebugStatic|x86.ActiveCfg = Debug|Win32
		{4AF01887-F20F-4E90-B5DE-48168D60E6BC}.DebugStatic|x86.Build.0 = Debug|Win32
		{4AF01887-F20F-4E90-B5DE-48168D60E6BC}.Release|Any CPU.ActiveCfg = Release|Win32
		{4AF01887-F20F-4E90-B5DE-48168D60E6BC}.Release|Mixed Platforms.ActiveCfg = Release|Win32
		{4AF01887-F20F-4E90-B5DE-48168D60E6BC}.Release|Mixed Platforms.Build.0 = Release|Win32
		{4AF01887-F20F-4E90-B5DE-48168D60E6BC}.Release|Win32.ActiveCfg = Release|Win32
		{4AF01887-F20F-4E90-B5DE-48168D60E6BC}.Release|Win32.Build.0 = Release|Win32
		{4AF01887-F20F-4E90-B5DE-48168D60E6BC}.Release|x64.ActiveCfg = Release|Win32
		{4AF01887-F20F-4E90-B5DE-48168D60E6BC}.Release|x86.ActiveCfg = Release|Win32
		{4AF01887-F20F-4E90-B5DE-48168D60E6BC}.Release|x86.Build.0 = Release|Win32
		{4AF01887-F20F-4E90-B5DE-48168D60E6BC}.ReleaseStatic|Any CPU.ActiveCfg = Release|Win32
		{4AF01887-F20F-4E90-B5DE-48168D60E6BC}.ReleaseStatic|Mixed Platforms.ActiveCfg = Release|Win32
		{4AF01887-F20F-4E90-B5DE-48168D60E6BC}.ReleaseStatic|Mixed Platforms.Build.0 = Release|Win32
		{4AF01887-F20F-4E90-B5DE-48168D60E6BC}.ReleaseStatic|Win32.ActiveCfg = Release|Win32
		{4AF01887-F20F-4E90-B5DE-48168D60E6BC}.ReleaseStatic|Win32.Build.0 = Release|Win32
		{4AF01887-F20F-4E90-B5DE-48168D60E6BC}.ReleaseStatic|x64.ActiveCfg = Release|Win32
		{4AF01887-F20F-4E90-B5DE-48168D60E6BC}.ReleaseStatic|x86.ActiveCfg = Release|Win32
		{4AF01887-F20F-4E90-B5DE-48168D60E6BC}.ReleaseStatic|x86.Build.0 = Release|Win32
		{80E14F4A-9707-4B30-9D63-306756A2E05C}.Debug|Any CPU.ActiveCfg = Debug|Win32
		{80E14F4A-9707-4B30-9D63-306756A2E05C}.Debug|Mixed Platforms.ActiveCfg = Debug|Win32
		{80E14F4A-9707-4B30-9D63-306756A2E05C}.Debug|Mixed Platforms.Build.0 = Debug|Win32
		{80E14F4A-9707-4B30-9D63-306756A2E05C}.Debug|Win32.ActiveCfg = Debug|Win32
		{80E14F4A-9707-4B30-9D63-306756A2E05C}.Debug|Win32.Build.0 = Debug|Win32
		{80E14F4A-9707-4B30-9D63-306756A2E05C}.Debug|x64.ActiveCfg = Debug|Win32
		{80E14F4A-9707-4B30-9D63-306756A2E05C}.Debug|x86.ActiveCfg = Debug|Win32
		{80E14F4A-9707-4B30-9D63-306756A2E05C}.Debug|x86.Build.0 = Debug|Win32
		{80E14F4A-9707-4B30-9D63-306756A2E05C}.DebugStatic|Any CPU.ActiveCfg = Debug|Win32
		{80E14F4A-9707-4B30-9D63-306756A2E05C}.DebugStatic|Mixed Platforms.ActiveCfg = Debug|Win32
		{80E14F4A-9707-4B30-9D63-306756A2E05C}.DebugStatic|Mixed Platforms.Build.0 = Debug|Win32
		{80E14F4A-9707-4B30-9D63-306756A2E05C}.DebugStatic|Win32.ActiveCfg = Debug|Win32
		{80E14F4A-9707-4B30-9D63-306756A2E05C}.DebugStatic|Win32.Build.0 = Debug|Win32
		{80E14F4A-9707-4B30-9D63-306756A2E05C}.DebugStatic|x64.ActiveCfg = Debug|Win32
		{80E14F4A-9707-4B30-9D63-306756A2E05C}.DebugStatic|x86.ActiveCfg = Debug|Win32
		{80E14F4A-9707-4B30-9D63-306756A2E05C}.DebugStatic|x86.Build.0 = Debug|Win32
		{80E14F4A-9707-4B30-9D63-306756A2E05C}.Release|Any CPU.ActiveCfg = Release|Win32
		{80E14F4A-9707-4B30-9D63-306756A2E05C}.Release|Mixed Platforms.ActiveCfg = Release|Win32
		{80E14F4A-9707-4B30-9D63-306756A2E05C}.Release|Mixed Platforms.Build.0 = Release|Win32
		{80E14F4A-9707-4B30-9D63-306756A2E05C}.Release|Win32.ActiveCfg = Release|Win32
		{80E14F4A-9707-4B30-9D63-306756A2E05C}.Release|Win32.Build.0 = Release|Win32
		{80E14F4A-9707-4B30-9D63-306756A2E05C}.Release|x64.ActiveCfg = Release|Win32
		{80E14F4A-9707-4B30-9D63-306756A2E05C}.Release|x86.ActiveCfg = Release|Win32
		{80E14F4A-9707-4B30-9D63-306756A2E05C}.Release|x86.Build.0 = Release|Win32
		{80E14F4A-9707-4B30-9D63-306756A2E05C}.ReleaseStatic|Any CPU.ActiveCfg = Release|Win32
		{80E14F4A-9707-4B30-9D63-306756A2E05C}.ReleaseStatic|Mixed Platforms.ActiveCfg = Release|Win32
		{80E14F4A-9707-4B30-9D63-306756A2E05C}.ReleaseStatic|Mixed Platforms.Build.0 = Release|Win32
		{80E14F4A-9707-4B30-9D63-306756A2E05C}.ReleaseStatic|Win32.ActiveCfg = Release|Win32
		{80E14F4A-9707-4B30-9D63-306756A2E05C}.ReleaseStatic|Win32.Build.0 = Release|Win32
		{80E14F4A-9707-4B30-9D63-306756A2E05C}.ReleaseStatic|x64.ActiveCfg = Release|Win32
		{80E14F4A-9707-4B30-9D63-306756A2E05C}.ReleaseStatic|x86.ActiveCfg = Release|Win32
		{80E14F4A-9707-4B30-9D63-306756A2E05C}.ReleaseStatic|x86.Build.0 = Release|Win32
		{F3837EA2-E283-4D52-8955-0BD75A8F6CFB}.Debug|Any CPU.ActiveCfg = Debug|Win32
		{F3837EA2-E283-4D52-8955-0BD75A8F6CFB}.Debug|Mixed Platforms.ActiveCfg = Debug|Win32
		{F3837EA2-E283-4D52-8955-0BD75A8F6CFB}.Debug|Mixed Platforms.Build.0 = Debug|Win32
		{F3837EA2-E283-4D52-8955-0BD75A8F6CFB}.Debug|Win32.ActiveCfg = Debug|Win32
		{F3837EA2-E283-4D52-8955-0BD75A8F6CFB}.Debug|Win32.Build.0 = Debug|Win32
		{F3837EA2-E283-4D52-8955-0BD75A8F6CFB}.Debug|x64.ActiveCfg = Debug|Win32
		{F3837EA2-E283-4D52-8955-0BD75A8F6CFB}.Debug|x86.ActiveCfg = Debug|Win32
		{F3837EA2-E283-4D52-8955-0BD75A8F6CFB}.Debug|x86.Build.0 = Debug|Win32
		{F3837EA2-E283-4D52-8955-0BD75A8F6CFB}.DebugStatic|Any CPU.ActiveCfg = Debug|Win32
		{F3837EA2-E283-4D52-8955-0BD75A8F6CFB}.DebugStatic|Mixed Platforms.ActiveCfg = Debug|Win32
		{F3837EA2-E283-4D52-8955-0BD75A8F6CFB}.DebugStatic|Mixed Platforms.Build.0 = Debug|Win32
		{F3837EA2-E283-4D52-8955-0BD75A8F6CFB}.DebugStatic|Win32.ActiveCfg = Debug|Win32
		{F3837EA2-E283-4D52-8955-0BD75A8F6CFB}.DebugStatic|Win32.Build.0 = Debug|Win32
		{F3837EA2-E283-4D52-8955-0BD75A8F6CFB}.DebugStatic|x64.ActiveCfg = Debug|Win32
		{F3837EA2-E283-4D52-8955-0BD75A8F6CFB}.DebugStatic|x86.ActiveCfg = Debug|Win32
		{F3837EA2-E283-4D52-8955-0BD75A8F6CFB}.DebugStatic|x86.Build.0 = Debug|Win32
		{F3837EA2-E283-4D52-8955-0BD75A8F6CFB}.Release|Any CPU.ActiveCfg = Release|Win32
		{F3837EA2-E283-4D52-8955-0BD75A8F6CFB}.Release|Mixed Platforms.ActiveCfg = Release|Win32
		{F3837EA2-E283-4D52-8955-0BD75A8F6CFB}.Release|Mixed Platforms.Build.0 = Release|Win32
		{F3837EA2-E283-4D52-8955-0BD75A8F6CFB}.Release|Win32.ActiveCfg = Release|Win32
		{F3837EA2-E283-4D52-8955-0BD75A8F6CFB}.Release|Win32.Build.0 = Release|Win32
		{F3837EA2-E283-4D52-8955-0BD75A8F6CFB}.Release|x64.ActiveCfg = Release|Win32
		{F3837EA2-E283-4D52-8955-0BD75A8F6CFB}.Release|x86.ActiveCfg = Release|Win32
		{F3837EA2-E283-4D52-8955-0BD75A8F6CFB}.Release|x86.Build.0 = Release|Win32
		{F3837EA2-E283-4D52-8955-0BD75A8F6CFB}.ReleaseStatic|Any CPU.ActiveCfg = Release|Win32
		{F3837EA2-E283-4D52-8955-0BD75A8F6CFB}.ReleaseStatic|Mixed Platforms.ActiveCfg = Release|Win32
		{F3837EA2-E283-4D52-8955-0BD75A8F6CFB}.ReleaseStatic|Mixed Platforms.Build.0 = Release|Win32
		{F3837EA2-E283-4D52-8955-0BD75A8F6CFB}.ReleaseStatic|Win32.ActiveCfg = Release|Win32
		{F3837EA2-E283-4D52-8955-0BD75A8F6CFB}.ReleaseStatic|Win32.Build.0 = Release|Win32
		{F3837EA2-E283-4D52-8955-0BD75A8F6CFB}.ReleaseStatic|x64.ActiveCfg = Release|Win32
		{F3837EA2-E283-4D52-8955-0BD75A8F6CFB}.ReleaseStatic|x86.ActiveCfg = Release|Win32
		{F3837EA2-E283-4D52-8955-0BD75A8F6CFB}.ReleaseStatic|x86.Build.0 = Release|Win32
		{98E67352-7104-464C-8774-149B704660A1}.Debug|Any CPU.ActiveCfg = Debug|Win32
		{98E67352-7104-464C-8774-149B704660A1}.Debug|Mixed Platforms.ActiveCfg = Debug|Win32
		{98E67352-7104-464C-8774-149B704660A1}.Debug|Mixed Platforms.Build.0 = Debug|Win32
		{98E67352-7104-464C-8774-149B704660A1}.Debug|Win32.ActiveCfg = Debug|Win32
		{98E67352-7104-464C-8774-149B704660A1}.Debug|Win32.Build.0 = Debug|Win32
		{98E67352-7104-464C-8774-149B704660A1}.Debug|x64.ActiveCfg = Debug|Win32
		{98E67352-7104-464C-8774-149B704660A1}.Debug|x86.ActiveCfg = Debug|Win32
		{98E67352-7104-464C-8774-149B704660A1}.Debug|x86.Build.0 = Debug|Win32
		{98E67352-7104-464C-8774-149B704660A1}.DebugStatic|Any CPU.ActiveCfg = Debug|Win32
		{98E67352-7104-464C-8774-149B704660A1}.DebugStatic|Mixed Platforms.ActiveCfg = Debug|Win32
		{98E67352-7104-464C-8774-149B704660A1}.DebugStatic|Mixed Platforms.Build.0 = Debug|Win32
		{98E67352-7104-464C-8774-149B704660A1}.DebugStatic|Win32.ActiveCfg = Debug|Win32
		{98E67352-7104-464C-8774-149B704660A1}.DebugStatic|Win32.Build.0 = Debug|Win32
		{98E67352-7104-464C-8774-149B704660A1}.DebugStatic|x64.ActiveCfg = Debug|Win32
		{98E67352-7104-464C-8774-149B704660A1}.DebugStatic|x86.ActiveCfg = Debug|Win32
		{98E67352-7104-464C-8774-149B704660A1}.DebugStatic|x86.Build.0 = Debug|Win32
		{98E67352-7104-464C-8774-149B704660A1}.Release|Any CPU.ActiveCfg = Release|Win32
		{98E67352-7104-464C-8774-149B704660A1}.Release|Mixed Platforms.ActiveCfg = Release|Win32
		{98E67352-7104-464C-8774-149B704660A1}.Release|Mixed Platforms.Build.0 = Release|Win32
		{98E67352-7104-464C-8774-149B704660A1}.Release|Win32.ActiveCfg = Release|Win32
		{98E67352-7104-464C-8774-149B704660A1}.Release|Win32.Build.0 = Release|Win32
		{98E67352-7104-464C-8774-149B704660A1}.Release|x64.ActiveCfg = Release|Win32
		{98E67352-7104-464C-8774-149B704660A1}.Release|x86.ActiveCfg = Release|Win32
		{98E67352-7104-464C-8774-149B704660A1}.Release|x86.Build.0 = Release|Win32
		{98E67352-7104-464C-8774-149B704660A1}.ReleaseStatic|Any CPU.ActiveCfg = Release|Win32
		{98E67352-7104-464C-8774-149B704660A1}.ReleaseStatic|Mixed Platforms.ActiveCfg = Release|Win32
		{98E67352-7104-464C-8774-149B704660A1}.ReleaseStatic|Mixed Platforms.Build.0 = Release|Win32
		{98E67352-7104-464C-8774-149B704660A1}.ReleaseStatic|Win32.ActiveCfg = Release|Win32
		{98E67352-7104-464C-8774-149B704660A1}.ReleaseStatic|Win32.Build.0 = Release|Win32
		{98E67352-7104-464C-8774-149B704660A1}.ReleaseStatic|x64.ActiveCfg = Release|Win32
		{98E67352-7104-464C-8774-149B704660A1}.ReleaseStatic|x86.ActiveCfg = Release|Win32
		{98E67352-7104-464C-8774-149B704660A1}.ReleaseStatic|x86.Build.0 = Release|Win32
		{2866285B-3183-4B35-884B-ACBDD698C504}.Debug|Any CPU.ActiveCfg = Debug|Any CPU
		{2866285B-3183-4B35-884B-ACBDD698C504}.Debug|Any CPU.Build.0 = Debug|Any CPU
		{2866285B-3183-4B35-884B-ACBDD698C504}.Debug|Mixed Platforms.ActiveCfg = Debug|x86
		{2866285B-3183-4B35-884B-ACBDD698C504}.Debug|Mixed Platforms.Build.0 = Debug|x86
		{2866285B-3183-4B35-884B-ACBDD698C504}.Debug|Win32.ActiveCfg = Debug|x86
		{2866285B-3183-4B35-884B-ACBDD698C504}.Debug|Win32.Build.0 = Debug|x86
		{2866285B-3183-4B35-884B-ACBDD698C504}.Debug|x64.ActiveCfg = Debug|Any CPU
		{2866285B-3183-4B35-884B-ACBDD698C504}.Debug|x86.ActiveCfg = Debug|x86
		{2866285B-3183-4B35-884B-ACBDD698C504}.Debug|x86.Build.0 = Debug|x86
		{2866285B-3183-4B35-884B-ACBDD698C504}.DebugStatic|Any CPU.ActiveCfg = Debug|Any CPU
		{2866285B-3183-4B35-884B-ACBDD698C504}.DebugStatic|Any CPU.Build.0 = Debug|Any CPU
		{2866285B-3183-4B35-884B-ACBDD698C504}.DebugStatic|Mixed Platforms.ActiveCfg = Debug|x86
		{2866285B-3183-4B35-884B-ACBDD698C504}.DebugStatic|Mixed Platforms.Build.0 = Debug|x86
		{2866285B-3183-4B35-884B-ACBDD698C504}.DebugStatic|Win32.ActiveCfg = Debug|x86
		{2866285B-3183-4B35-884B-ACBDD698C504}.DebugStatic|Win32.Build.0 = Debug|x86
		{2866285B-3183-4B35-884B-ACBDD698C504}.DebugStatic|x64.ActiveCfg = Debug|Any CPU
		{2866285B-3183-4B35-884B-ACBDD698C504}.DebugStatic|x86.ActiveCfg = Debug|x86
		{2866285B-3183-4B35-884B-ACBDD698C504}.DebugStatic|x86.Build.0 = Debug|x86
		{2866285B-3183-4B35-884B-ACBDD698C504}.Release|Any CPU.ActiveCfg = Release|Any CPU
		{2866285B-3183-4B35-884B-ACBDD698C504}.Release|Any CPU.Build.0 = Release|Any CPU
		{2866285B-3183-4B35-884B-ACBDD698C504}.Release|Mixed Platforms.ActiveCfg = Release|x86
		{2866285B-3183-4B35-884B-ACBDD698C504}.Release|Mixed Platforms.Build.0 = Release|x86
		{2866285B-3183-4B35-884B-ACBDD698C504}.Release|Win32.ActiveCfg = Release|x86
		{2866285B-3183-4B35-884B-ACBDD698C504}.Release|Win32.Build.0 = Release|x86
		{2866285B-3183-4B35-884B-ACBDD698C504}.Release|x64.ActiveCfg = Release|Any CPU
		{2866285B-3183-4B35-884B-ACBDD698C504}.Release|x86.ActiveCfg = Release|x86
		{2866285B-3183-4B35-884B-ACBDD698C504}.Release|x86.Build.0 = Release|x86
		{2866285B-3183-4B35-884B-ACBDD698C504}.ReleaseStatic|Any CPU.ActiveCfg = Release|Any CPU
		{2866285B-3183-4B35-884B-ACBDD698C504}.ReleaseStatic|Any CPU.Build.0 = Release|Any CPU
		{2866285B-3183-4B35-884B-ACBDD698C504}.ReleaseStatic|Mixed Platforms.ActiveCfg = Release|x86
		{2866285B-3183-4B35-884B-ACBDD698C504}.ReleaseStatic|Mixed Platforms.Build.0 = Release|x86
		{2866285B-3183-4B35-884B-ACBDD698C504}.ReleaseStatic|Win32.ActiveCfg = Release|x86
		{2866285B-3183-4B35-884B-ACBDD698C504}.ReleaseStatic|Win32.Build.0 = Release|x86
		{2866285B-3183-4B35-884B-ACBDD698C504}.ReleaseStatic|x64.ActiveCfg = Release|Any CPU
		{2866285B-3183-4B35-884B-ACBDD698C504}.ReleaseStatic|x86.ActiveCfg = Release|x86
		{2866285B-3183-4B35-884B-ACBDD698C504}.ReleaseStatic|x86.Build.0 = Release|x86
		{1704EA01-6B21-4362-9F1F-44D25CF2E0D7}.Debug|Any CPU.ActiveCfg = Debug|Win32
		{1704EA01-6B21-4362-9F1F-44D25CF2E0D7}.Debug|Mixed Platforms.ActiveCfg = Debug|Win32
		{1704EA01-6B21-4362-9F1F-44D25CF2E0D7}.Debug|Mixed Platforms.Build.0 = Debug|Win32
		{1704EA01-6B21-4362-9F1F-44D25CF2E0D7}.Debug|Win32.ActiveCfg = Debug|Win32
		{1704EA01-6B21-4362-9F1F-44D25CF2E0D7}.Debug|Win32.Build.0 = Debug|Win32
		{1704EA01-6B21-4362-9F1F-44D25CF2E0D7}.Debug|x64.ActiveCfg = Debug|x64
		{1704EA01-6B21-4362-9F1F-44D25CF2E0D7}.Debug|x64.Build.0 = Debug|x64
		{1704EA01-6B21-4362-9F1F-44D25CF2E0D7}.Debug|x86.ActiveCfg = Debug|Win32
		{1704EA01-6B21-4362-9F1F-44D25CF2E0D7}.Debug|x86.Build.0 = Debug|Win32
		{1704EA01-6B21-4362-9F1F-44D25CF2E0D7}.DebugStatic|Any CPU.ActiveCfg = DebugStatic|Win32
		{1704EA01-6B21-4362-9F1F-44D25CF2E0D7}.DebugStatic|Mixed Platforms.ActiveCfg = DebugStatic|Win32
		{1704EA01-6B21-4362-9F1F-44D25CF2E0D7}.DebugStatic|Mixed Platforms.Build.0 = DebugStatic|Win32
		{1704EA01-6B21-4362-9F1F-44D25CF2E0D7}.DebugStatic|Win32.ActiveCfg = DebugStatic|Win32
		{1704EA01-6B21-4362-9F1F-44D25CF2E0D7}.DebugStatic|Win32.Build.0 = DebugStatic|Win32
		{1704EA01-6B21-4362-9F1F-44D25CF2E0D7}.DebugStatic|x64.ActiveCfg = DebugStatic|x64
		{1704EA01-6B21-4362-9F1F-44D25CF2E0D7}.DebugStatic|x64.Build.0 = DebugStatic|x64
		{1704EA01-6B21-4362-9F1F-44D25CF2E0D7}.DebugStatic|x86.ActiveCfg = DebugStatic|Win32
		{1704EA01-6B21-4362-9F1F-44D25CF2E0D7}.DebugStatic|x86.Build.0 = DebugStatic|Win32
		{1704EA01-6B21-4362-9F1F-44D25CF2E0D7}.Release|Any CPU.ActiveCfg = Release|Win32
		{1704EA01-6B21-4362-9F1F-44D25CF2E0D7}.Release|Mixed Platforms.ActiveCfg = Release|Win32
		{1704EA01-6B21-4362-9F1F-44D25CF2E0D7}.Release|Mixed Platforms.Build.0 = Release|Win32
		{1704EA01-6B21-4362-9F1F-44D25CF2E0D7}.Release|Win32.ActiveCfg = Release|Win32
		{1704EA01-6B21-4362-9F1F-44D25CF2E0D7}.Release|x64.ActiveCfg = Release|x64
		{1704EA01-6B21-4362-9F1F-44D25CF2E0D7}.Release|x64.Build.0 = Release|x64
		{1704EA01-6B21-4362-9F1F-44D25CF2E0D7}.Release|x86.ActiveCfg = Release|Win32
		{1704EA01-6B21-4362-9F1F-44D25CF2E0D7}.Release|x86.Build.0 = Release|Win32
		{1704EA01-6B21-4362-9F1F-44D25CF2E0D7}.ReleaseStatic|Any CPU.ActiveCfg = ReleaseStatic|Win32
		{1704EA01-6B21-4362-9F1F-44D25CF2E0D7}.ReleaseStatic|Mixed Platforms.ActiveCfg = ReleaseStatic|Win32
		{1704EA01-6B21-4362-9F1F-44D25CF2E0D7}.ReleaseStatic|Mixed Platforms.Build.0 = ReleaseStatic|Win32
		{1704EA01-6B21-4362-9F1F-44D25CF2E0D7}.ReleaseStatic|Win32.ActiveCfg = ReleaseStatic|Win32
		{1704EA01-6B21-4362-9F1F-44D25CF2E0D7}.ReleaseStatic|Win32.Build.0 = ReleaseStatic|Win32
		{1704EA01-6B21-4362-9F1F-44D25CF2E0D7}.ReleaseStatic|x64.ActiveCfg = ReleaseStatic|x64
		{1704EA01-6B21-4362-9F1F-44D25CF2E0D7}.ReleaseStatic|x64.Build.0 = ReleaseStatic|x64
		{1704EA01-6B21-4362-9F1F-44D25CF2E0D7}.ReleaseStatic|x86.ActiveCfg = ReleaseStatic|Win32
		{1704EA01-6B21-4362-9F1F-44D25CF2E0D7}.ReleaseStatic|x86.Build.0 = ReleaseStatic|Win32
	EndGlobalSection
	GlobalSection(SolutionProperties) = preSolution
		HideSolutionNode = FALSE
	EndGlobalSection
	GlobalSection(NestedProjects) = preSolution
		{03771672-451C-4DF8-B6BE-290B0B8D2D51} = {054378B1-3FE2-4586-A94C-11424D95C913}
		{3EBC40B2-C7DE-4C9B-9E38-97F79DD3A1D7} = {054378B1-3FE2-4586-A94C-11424D95C913}
		{C8530E36-B249-4F97-938D-AC016AAB9CC1} = {054378B1-3FE2-4586-A94C-11424D95C913}
		{2887D32D-EC08-48BF-B7B6-0A704A41E909} = {054378B1-3FE2-4586-A94C-11424D95C913}
		{9B9B4259-64CB-4EEF-BEDE-EE23435A6B68} = {054378B1-3FE2-4586-A94C-11424D95C913}
		{6368BADB-C660-4B6A-B986-541EF3C0B9B1} = {054378B1-3FE2-4586-A94C-11424D95C913}
		{00AB62FF-DC93-4B81-B4FE-E3229DC44D91} = {054378B1-3FE2-4586-A94C-11424D95C913}
		{4AF01887-F20F-4E90-B5DE-48168D60E6BC} = {054378B1-3FE2-4586-A94C-11424D95C913}
		{80E14F4A-9707-4B30-9D63-306756A2E05C} = {054378B1-3FE2-4586-A94C-11424D95C913}
		{F3837EA2-E283-4D52-8955-0BD75A8F6CFB} = {054378B1-3FE2-4586-A94C-11424D95C913}
		{98E67352-7104-464C-8774-149B704660A1} = {054378B1-3FE2-4586-A94C-11424D95C913}
	EndGlobalSection
EndGlobal
