<?xml version="1.0" encoding="utf-8"?>
<Project ToolsVersion="4.0" xmlns="http://schemas.microsoft.com/developer/msbuild/2003">
  <ItemGroup>
    <Filter Include="Header Files">
      <UniqueIdentifier>{93995380-89BD-4b04-88EB-625FBE52EBFB}</UniqueIdentifier>
      <Extensions>h;hpp;hxx;hm;inl;inc;xsd</Extensions>
    </Filter>
    <Filter Include="Source Fiels">
      <UniqueIdentifier>{feb3e27a-45ed-45eb-9da9-916f8d4ccdde}</UniqueIdentifier>
    </Filter>
  </ItemGroup>
  <ItemGroup>
    <ClCompile Include="ManagedDeviceBackup2.cpp">
      <Filter>Source Fiels</Filter>
    </ClCompile>
    <ClCompile Include="..\libimobiledevice-tools\idevicebackup2\iDeviceBackup2.cpp">
      <Filter>Source Fiels</Filter>
    </ClCompile>
  </ItemGroup>
  <ItemGroup>
    <ClInclude Include="ManagedDeviceBackup2.h">
      <Filter>Header Files</Filter>
    </ClInclude>
    <ClInclude Include="..\libimobiledevice-tools\idevicebackup2\iDeviceBackup2.h">
      <Filter>Header Files</Filter>
    </ClInclude>
  </ItemGroup>
</Project>